>-
  PODS:
  - >-
    Alamofire (4.0.1)
  - >-
    AsyncImageView (1.6)
  - >-
    CryptoSwift (0.6.1)
  - >-
    CSStickyHeaderFlowLayout (0.2.11)
  - >-
    KIF (3.5.1):
    - >-
      KIF/Core (= 3.5.1)
  - >-
    KIF/Core (3.5.1)
  - >-
    Nimble (5.0.0)
  - >-
    Quick (0.10.0)
  - >-
    RxAlamofire (3.0.0-rc.1):
    - >-
      RxAlamofire/Core (= 3.0.0-rc.1)
  - >-
    RxAlamofire/Core (3.0.0-rc.1):
    - >-
      Alamofire (~> 4.0)
    - >-
      RxSwift (~> 3.0.0-rc.1)
  - >-
    RxCocoa (3.0.0-rc.1):
    - >-
      RxSwift (~> 3.0.0-rc.1)
  - >-
    RxSwift (3.0.0-rc.1)
  - >-
    SVProgressHUD (2.0.3)
  - >-
    UIScrollView-InfiniteScroll (0.9.1)

>-
  DEPENDENCIES:
  - >-
    AsyncImageView
  - >-
    CryptoSwift
  - >-
    CSStickyHeaderFlowLayout
  - >-
    KIF
  - >-
    Nimble
  - >-
    Quick
  - >-
    RxAlamofire (from `https://github.com/RxSwiftCommunity/RxAlamofire`, branch `master`)
  - >-
    RxCocoa (~> 3.0.0.beta.2)
  - >-
    RxSwift (~> 3.0.0.beta.2)
  - >-
    SVProgressHUD
  - >-
    UIScrollView-InfiniteScroll

>-
  EXTERNAL SOURCES:
  >-
    RxAlamofire:
    :branch: >-
      master
    :git: >-
      https://github.com/RxSwiftCommunity/RxAlamofire

>-
  CHECKOUT OPTIONS:
  >-
    RxAlamofire:
    :commit: >-
      fa98bd027fb3c9dc9312d92e6025fbd6c8e3f8e7
    :git: >-
      https://github.com/RxSwiftCommunity/RxAlamofire

>-
  SPEC CHECKSUMS:
  >-
    Alamofire: >-
    7682d43245de14874acd142ec137b144aa1dd335
  >-
    AsyncImageView: >-
    416e99402e5b1f20571de70ad619ced90f56a7d9
  >-
    CryptoSwift: >-
    abdbc1bf32c89117c6b403810a7b30f742d86e68
  >-
    CSStickyHeaderFlowLayout: >-
    e9bcb1762413f49d7d09e5bd0ae5efd1100116b7
  >-
    KIF: >-
    082eb65279e51c3092923802849eb796a04982ab
  >-
    Nimble: >-
    56fc9f5020effa2206de22c3dd910f4fb011b92f
  >-
    Quick: >-
    5d290df1c69d5ee2f0729956dcf0fd9a30447eaa
  >-
    RxAlamofire: >-
    5e544296d77b754c4ad9cb419c29936e6bc9711d
  >-
    RxCocoa: >-
    e72a074a7f38896ec0382d096df5f58df10115c7
  >-
    RxSwift: >-
    d7a3819dd71789c473e3cbf1a0c02d58b2692739
  >-
    SVProgressHUD: >-
    b0830714205bea1317ea1a2ebc71e5633af334d4
  >-
    UIScrollView-InfiniteScroll: >-
    14e204c50ca4040467e1cbfa141dad7a18919b56

>-
  PODFILE CHECKSUM: >-
  44fc319817939b3d8b0f2b22d88cd8efff5c8417

>-
  COCOAPODS: >-
  1.0.0.beta.2
