// !$*UTF8*$!
{
	archiveVersion = 1;
	classes = {
	};
	objectVersion = 46;
	objects = {

/* Begin PBXBuildFile section */
		1BBD9BBFCF6BE8C91AF1B286 /* Pods_MarvelUITests.framework in Frameworks */ = {isa = PBXBuildFile; fileRef = AA4693C68D508E3519506EA1 /* Pods_MarvelUITests.framework */; };
		3F8B717A1DB00E2D0022B718 /* Character.swift in Sources */ = {isa = PBXBuildFile; fileRef = 3F8B71791DB00E2D0022B718 /* Character.swift */; };
		3F8B717C1DB0132A0022B718 /* CharacterParser.swift in Sources */ = {isa = PBXBuildFile; fileRef = 3F8B717B1DB0132A0022B718 /* CharacterParser.swift */; };
		3F8B717E1DB0159C0022B718 /* MarvelErrors.swift in Sources */ = {isa = PBXBuildFile; fileRef = 3F8B717D1DB0159C0022B718 /* MarvelErrors.swift */; };
		3F8B71821DB018C70022B718 /* ListCharactersViewController.swift in Sources */ = {isa = PBXBuildFile; fileRef = 3F8B71811DB018C70022B718 /* ListCharactersViewController.swift */; };
		3F8B71851DB019360022B718 /* ListCharacterTableViewCell.swift in Sources */ = {isa = PBXBuildFile; fileRef = 3F8B71831DB019360022B718 /* ListCharacterTableViewCell.swift */; };
		3F8B71861DB019360022B718 /* ListCharacterTableViewCell.xib in Resources */ = {isa = PBXBuildFile; fileRef = 3F8B71841DB019360022B718 /* ListCharacterTableViewCell.xib */; };
		3F8B718E1DB02AD50022B718 /* CharactersWireframe.swift in Sources */ = {isa = PBXBuildFile; fileRef = 3F8B718D1DB02AD50022B718 /* CharactersWireframe.swift */; };
		3F8B71901DB02CAC0022B718 /* ListCharactersPresenter.swift in Sources */ = {isa = PBXBuildFile; fileRef = 3F8B718F1DB02CAC0022B718 /* ListCharactersPresenter.swift */; };
		3F8B71921DB02CCF0022B718 /* BasePresenter.swift in Sources */ = {isa = PBXBuildFile; fileRef = 3F8B71911DB02CCF0022B718 /* BasePresenter.swift */; };
		3F8B71941DB02D2E0022B718 /* ListCharactersUI.swift in Sources */ = {isa = PBXBuildFile; fileRef = 3F8B71931DB02D2E0022B718 /* ListCharactersUI.swift */; };
		3F8B71971DB02EA60022B718 /* GetCharacters.swift in Sources */ = {isa = PBXBuildFile; fileRef = 3F8B71961DB02EA60022B718 /* GetCharacters.swift */; };
		3F8B719A1DB02FFA0022B718 /* CharactersRepository.swift in Sources */ = {isa = PBXBuildFile; fileRef = 3F8B71991DB02FFA0022B718 /* CharactersRepository.swift */; };
		3F8B719D1DB0311D0022B718 /* DetailCharacterViewController.swift in Sources */ = {isa = PBXBuildFile; fileRef = 3F8B719C1DB0311D0022B718 /* DetailCharacterViewController.swift */; };
		3F8B719F1DB031300022B718 /* DetailCharacterPresenter.swift in Sources */ = {isa = PBXBuildFile; fileRef = 3F8B719E1DB031300022B718 /* DetailCharacterPresenter.swift */; };
		3F8B71A11DB031530022B718 /* DetailCharacterUI.swift in Sources */ = {isa = PBXBuildFile; fileRef = 3F8B71A01DB031530022B718 /* DetailCharacterUI.swift */; };
		3F8B71A31DB032AE0022B718 /* BaseUI.swift in Sources */ = {isa = PBXBuildFile; fileRef = 3F8B71A21DB032AE0022B718 /* BaseUI.swift */; };
		3F8B71A51DB032F10022B718 /* BaseViewController.swift in Sources */ = {isa = PBXBuildFile; fileRef = 3F8B71A41DB032F10022B718 /* BaseViewController.swift */; };
		3FC65359B72D1BEC2846F8A7 /* Pods_MarvelTests.framework in Frameworks */ = {isa = PBXBuildFile; fileRef = 8B77C308CBB69935009D90CE /* Pods_MarvelTests.framework */; };
		3FEBF9B41DB0AA3100ACD113 /* CharacterSpec.swift in Sources */ = {isa = PBXBuildFile; fileRef = 3FEBF9B31DB0AA3100ACD113 /* CharacterSpec.swift */; };
		3FF247621DB00452004DFBFE /* AppDelegate.swift in Sources */ = {isa = PBXBuildFile; fileRef = 3FF247611DB00452004DFBFE /* AppDelegate.swift */; };
		3FF247671DB00452004DFBFE /* Characters.storyboard in Resources */ = {isa = PBXBuildFile; fileRef = 3FF247651DB00452004DFBFE /* Characters.storyboard */; };
		3FF247691DB00452004DFBFE /* Assets.xcassets in Resources */ = {isa = PBXBuildFile; fileRef = 3FF247681DB00452004DFBFE /* Assets.xcassets */; };
		3FF2476C1DB00452004DFBFE /* LaunchScreen.storyboard in Resources */ = {isa = PBXBuildFile; fileRef = 3FF2476A1DB00452004DFBFE /* LaunchScreen.storyboard */; };
		3FF247771DB00452004DFBFE /* MarvelTests.swift in Sources */ = {isa = PBXBuildFile; fileRef = 3FF247761DB00452004DFBFE /* MarvelTests.swift */; };
		3FF247821DB00452004DFBFE /* MarvelUITests.swift in Sources */ = {isa = PBXBuildFile; fileRef = 3FF247811DB00452004DFBFE /* MarvelUITests.swift */; };
		3FF247911DB0051B004DFBFE /* CharactersAPI.swift in Sources */ = {isa = PBXBuildFile; fileRef = 3FF247901DB0051B004DFBFE /* CharactersAPI.swift */; };
		3FF247931DB00553004DFBFE /* MarvelAPI.swift in Sources */ = {isa = PBXBuildFile; fileRef = 3FF247921DB00553004DFBFE /* MarvelAPI.swift */; };
		FEB20E2214C228F5BC8E1AF2 /* Pods_Marvel.framework in Frameworks */ = {isa = PBXBuildFile; fileRef = B139759010CC0900AFAB9DE8 /* Pods_Marvel.framework */; };
/* End PBXBuildFile section */

/* Begin PBXContainerItemProxy section */
		3FF247731DB00452004DFBFE /* PBXContainerItemProxy */ = {
			isa = PBXContainerItemProxy;
			containerPortal = 3FF247561DB00452004DFBFE /* Project object */;
			proxyType = 1;
			remoteGlobalIDString = 3FF2475D1DB00452004DFBFE;
			remoteInfo = Marvel;
		};
		3FF2477E1DB00452004DFBFE /* PBXContainerItemProxy */ = {
			isa = PBXContainerItemProxy;
			containerPortal = 3FF247561DB00452004DFBFE /* Project object */;
			proxyType = 1;
			remoteGlobalIDString = 3FF2475D1DB00452004DFBFE;
			remoteInfo = Marvel;
		};
/* End PBXContainerItemProxy section */

/* Begin PBXFileReference section */
		3108495B17B5544256EEDFE6 /* Pods-Marvel.debug.xcconfig */ = {isa = PBXFileReference; includeInIndex = 1; lastKnownFileType = text.xcconfig; name = "Pods-Marvel.debug.xcconfig"; path = "Pods/Target Support Files/Pods-Marvel/Pods-Marvel.debug.xcconfig"; sourceTree = "<group>"; };
		3ECB6D106CFD7D4B25BEF93F /* Pods-MarvelTests.debug.xcconfig */ = {isa = PBXFileReference; includeInIndex = 1; lastKnownFileType = text.xcconfig; name = "Pods-MarvelTests.debug.xcconfig"; path = "Pods/Target Support Files/Pods-MarvelTests/Pods-MarvelTests.debug.xcconfig"; sourceTree = "<group>"; };
		3F8B71791DB00E2D0022B718 /* Character.swift */ = {isa = PBXFileReference; fileEncoding = 4; lastKnownFileType = sourcecode.swift; name = Character.swift; path = Entity/Character.swift; sourceTree = "<group>"; };
		3F8B717B1DB0132A0022B718 /* CharacterParser.swift */ = {isa = PBXFileReference; fileEncoding = 4; lastKnownFileType = sourcecode.swift; name = CharacterParser.swift; path = API/Parser/CharacterParser.swift; sourceTree = "<group>"; };
		3F8B717D1DB0159C0022B718 /* MarvelErrors.swift */ = {isa = PBXFileReference; fileEncoding = 4; lastKnownFileType = sourcecode.swift; path = MarvelErrors.swift; sourceTree = "<group>"; };
		3F8B71811DB018C70022B718 /* ListCharactersViewController.swift */ = {isa = PBXFileReference; fileEncoding = 4; lastKnownFileType = sourcecode.swift; name = ListCharactersViewController.swift; path = Screens/ListCharacters/ListCharactersViewController.swift; sourceTree = "<group>"; };
		3F8B71831DB019360022B718 /* ListCharacterTableViewCell.swift */ = {isa = PBXFileReference; fileEncoding = 4; lastKnownFileType = sourcecode.swift; name = ListCharacterTableViewCell.swift; path = Screens/ListCharacters/ListCharacterTableViewCell.swift; sourceTree = "<group>"; };
		3F8B71841DB019360022B718 /* ListCharacterTableViewCell.xib */ = {isa = PBXFileReference; fileEncoding = 4; lastKnownFileType = file.xib; name = ListCharacterTableViewCell.xib; path = Screens/ListCharacters/ListCharacterTableViewCell.xib; sourceTree = "<group>"; };
		3F8B718A1DB024490022B718 /* Marvel-Bridging-Header.h */ = {isa = PBXFileReference; lastKnownFileType = sourcecode.c.h; path = "Marvel-Bridging-Header.h"; sourceTree = "<group>"; };
		3F8B718D1DB02AD50022B718 /* CharactersWireframe.swift */ = {isa = PBXFileReference; fileEncoding = 4; lastKnownFileType = sourcecode.swift; name = CharactersWireframe.swift; path = Domain/CharactersWireframe.swift; sourceTree = "<group>"; };
		3F8B718F1DB02CAC0022B718 /* ListCharactersPresenter.swift */ = {isa = PBXFileReference; fileEncoding = 4; lastKnownFileType = sourcecode.swift; name = ListCharactersPresenter.swift; path = Screens/ListCharacters/ListCharactersPresenter.swift; sourceTree = "<group>"; };
		3F8B71911DB02CCF0022B718 /* BasePresenter.swift */ = {isa = PBXFileReference; fileEncoding = 4; lastKnownFileType = sourcecode.swift; path = BasePresenter.swift; sourceTree = "<group>"; };
		3F8B71931DB02D2E0022B718 /* ListCharactersUI.swift */ = {isa = PBXFileReference; fileEncoding = 4; lastKnownFileType = sourcecode.swift; name = ListCharactersUI.swift; path = Screens/ListCharacters/ListCharactersUI.swift; sourceTree = "<group>"; };
		3F8B71961DB02EA60022B718 /* GetCharacters.swift */ = {isa = PBXFileReference; fileEncoding = 4; lastKnownFileType = sourcecode.swift; name = GetCharacters.swift; path = UseCase/GetCharacters.swift; sourceTree = "<group>"; };
		3F8B71991DB02FFA0022B718 /* CharactersRepository.swift */ = {isa = PBXFileReference; fileEncoding = 4; lastKnownFileType = sourcecode.swift; path = CharactersRepository.swift; sourceTree = "<group>"; };
		3F8B719C1DB0311D0022B718 /* DetailCharacterViewController.swift */ = {isa = PBXFileReference; fileEncoding = 4; lastKnownFileType = sourcecode.swift; path = DetailCharacterViewController.swift; sourceTree = "<group>"; };
		3F8B719E1DB031300022B718 /* DetailCharacterPresenter.swift */ = {isa = PBXFileReference; fileEncoding = 4; lastKnownFileType = sourcecode.swift; path = DetailCharacterPresenter.swift; sourceTree = "<group>"; };
		3F8B71A01DB031530022B718 /* DetailCharacterUI.swift */ = {isa = PBXFileReference; fileEncoding = 4; lastKnownFileType = sourcecode.swift; path = DetailCharacterUI.swift; sourceTree = "<group>"; };
		3F8B71A21DB032AE0022B718 /* BaseUI.swift */ = {isa = PBXFileReference; fileEncoding = 4; lastKnownFileType = sourcecode.swift; path = BaseUI.swift; sourceTree = "<group>"; };
		3F8B71A41DB032F10022B718 /* BaseViewController.swift */ = {isa = PBXFileReference; fileEncoding = 4; lastKnownFileType = sourcecode.swift; path = BaseViewController.swift; sourceTree = "<group>"; };
		3FEBF9B31DB0AA3100ACD113 /* CharacterSpec.swift */ = {isa = PBXFileReference; fileEncoding = 4; lastKnownFileType = sourcecode.swift; path = CharacterSpec.swift; sourceTree = "<group>"; };
		3FF2475E1DB00452004DFBFE /* Marvel.app */ = {isa = PBXFileReference; explicitFileType = wrapper.application; includeInIndex = 0; path = Marvel.app; sourceTree = BUILT_PRODUCTS_DIR; };
		3FF247611DB00452004DFBFE /* AppDelegate.swift */ = {isa = PBXFileReference; lastKnownFileType = sourcecode.swift; path = AppDelegate.swift; sourceTree = "<group>"; };
		3FF247661DB00452004DFBFE /* Base */ = {isa = PBXFileReference; lastKnownFileType = file.storyboard; name = Base; path = Base.lproj/Characters.storyboard; sourceTree = "<group>"; };
		3FF247681DB00452004DFBFE /* Assets.xcassets */ = {isa = PBXFileReference; lastKnownFileType = folder.assetcatalog; path = Assets.xcassets; sourceTree = "<group>"; };
		3FF2476B1DB00452004DFBFE /* Base */ = {isa = PBXFileReference; lastKnownFileType = file.storyboard; name = Base; path = Base.lproj/LaunchScreen.storyboard; sourceTree = "<group>"; };
		3FF2476D1DB00452004DFBFE /* Info.plist */ = {isa = PBXFileReference; lastKnownFileType = text.plist.xml; path = Info.plist; sourceTree = "<group>"; };
		3FF247721DB00452004DFBFE /* MarvelTests.xctest */ = {isa = PBXFileReference; explicitFileType = wrapper.cfbundle; includeInIndex = 0; path = MarvelTests.xctest; sourceTree = BUILT_PRODUCTS_DIR; };
		3FF247761DB00452004DFBFE /* MarvelTests.swift */ = {isa = PBXFileReference; lastKnownFileType = sourcecode.swift; path = MarvelTests.swift; sourceTree = "<group>"; };
		3FF247781DB00452004DFBFE /* Info.plist */ = {isa = PBXFileReference; lastKnownFileType = text.plist.xml; path = Info.plist; sourceTree = "<group>"; };
		3FF2477D1DB00452004DFBFE /* MarvelUITests.xctest */ = {isa = PBXFileReference; explicitFileType = wrapper.cfbundle; includeInIndex = 0; path = MarvelUITests.xctest; sourceTree = BUILT_PRODUCTS_DIR; };
		3FF247811DB00452004DFBFE /* MarvelUITests.swift */ = {isa = PBXFileReference; lastKnownFileType = sourcecode.swift; path = MarvelUITests.swift; sourceTree = "<group>"; };
		3FF247831DB00452004DFBFE /* Info.plist */ = {isa = PBXFileReference; lastKnownFileType = text.plist.xml; path = Info.plist; sourceTree = "<group>"; };
		3FF247901DB0051B004DFBFE /* CharactersAPI.swift */ = {isa = PBXFileReference; fileEncoding = 4; lastKnownFileType = sourcecode.swift; path = CharactersAPI.swift; sourceTree = "<group>"; };
		3FF247921DB00553004DFBFE /* MarvelAPI.swift */ = {isa = PBXFileReference; fileEncoding = 4; lastKnownFileType = sourcecode.swift; path = MarvelAPI.swift; sourceTree = "<group>"; };
		8B77C308CBB69935009D90CE /* Pods_MarvelTests.framework */ = {isa = PBXFileReference; explicitFileType = wrapper.framework; includeInIndex = 0; path = Pods_MarvelTests.framework; sourceTree = BUILT_PRODUCTS_DIR; };
		92D902BF1AA715EA047F97F7 /* Pods-MarvelUITests.release.xcconfig */ = {isa = PBXFileReference; includeInIndex = 1; lastKnownFileType = text.xcconfig; name = "Pods-MarvelUITests.release.xcconfig"; path = "Pods/Target Support Files/Pods-MarvelUITests/Pods-MarvelUITests.release.xcconfig"; sourceTree = "<group>"; };
		AA4693C68D508E3519506EA1 /* Pods_MarvelUITests.framework */ = {isa = PBXFileReference; explicitFileType = wrapper.framework; includeInIndex = 0; path = Pods_MarvelUITests.framework; sourceTree = BUILT_PRODUCTS_DIR; };
		B139759010CC0900AFAB9DE8 /* Pods_Marvel.framework */ = {isa = PBXFileReference; explicitFileType = wrapper.framework; includeInIndex = 0; path = Pods_Marvel.framework; sourceTree = BUILT_PRODUCTS_DIR; };
		BACADC8146DD89593127284A /* Pods-MarvelTests.release.xcconfig */ = {isa = PBXFileReference; includeInIndex = 1; lastKnownFileType = text.xcconfig; name = "Pods-MarvelTests.release.xcconfig"; path = "Pods/Target Support Files/Pods-MarvelTests/Pods-MarvelTests.release.xcconfig"; sourceTree = "<group>"; };
		C208FFF8D58624962DD2943D /* Pods-Marvel.release.xcconfig */ = {isa = PBXFileReference; includeInIndex = 1; lastKnownFileType = text.xcconfig; name = "Pods-Marvel.release.xcconfig"; path = "Pods/Target Support Files/Pods-Marvel/Pods-Marvel.release.xcconfig"; sourceTree = "<group>"; };
		D21AA3133CE7DBF6D72DEE5C /* Pods-MarvelUITests.debug.xcconfig */ = {isa = PBXFileReference; includeInIndex = 1; lastKnownFileType = text.xcconfig; name = "Pods-MarvelUITests.debug.xcconfig"; path = "Pods/Target Support Files/Pods-MarvelUITests/Pods-MarvelUITests.debug.xcconfig"; sourceTree = "<group>"; };
/* End PBXFileReference section */

/* Begin PBXFrameworksBuildPhase section */
		3FF2475B1DB00452004DFBFE /* Frameworks */ = {
			isa = PBXFrameworksBuildPhase;
			buildActionMask = 2147483647;
			files = (
				FEB20E2214C228F5BC8E1AF2 /* Pods_Marvel.framework in Frameworks */,
			);
			runOnlyForDeploymentPostprocessing = 0;
		};
		3FF2476F1DB00452004DFBFE /* Frameworks */ = {
			isa = PBXFrameworksBuildPhase;
			buildActionMask = 2147483647;
			files = (
				3FC65359B72D1BEC2846F8A7 /* Pods_MarvelTests.framework in Frameworks */,
			);
			runOnlyForDeploymentPostprocessing = 0;
		};
		3FF2477A1DB00452004DFBFE /* Frameworks */ = {
			isa = PBXFrameworksBuildPhase;
			buildActionMask = 2147483647;
			files = (
				1BBD9BBFCF6BE8C91AF1B286 /* Pods_MarvelUITests.framework in Frameworks */,
			);
			runOnlyForDeploymentPostprocessing = 0;
		};
/* End PBXFrameworksBuildPhase section */

/* Begin PBXGroup section */
		15AE9F0DF057083ACD1D089C /* Frameworks */ = {
			isa = PBXGroup;
			children = (
				B139759010CC0900AFAB9DE8 /* Pods_Marvel.framework */,
				8B77C308CBB69935009D90CE /* Pods_MarvelTests.framework */,
				AA4693C68D508E3519506EA1 /* Pods_MarvelUITests.framework */,
			);
			name = Frameworks;
			sourceTree = "<group>";
		};
		3F8B71781DB00E140022B718 /* Entity */ = {
			isa = PBXGroup;
			children = (
				3F8B71791DB00E2D0022B718 /* Character.swift */,
			);
			name = Entity;
			sourceTree = "<group>";
		};
		3F8B717F1DB018910022B718 /* Screens */ = {
			isa = PBXGroup;
			children = (
				3F8B719B1DB031090022B718 /* DetailCharacter */,
				3F8B71801DB018990022B718 /* ListCharacters */,
			);
			name = Screens;
			sourceTree = "<group>";
		};
		3F8B71801DB018990022B718 /* ListCharacters */ = {
			isa = PBXGroup;
			children = (
				3F8B71811DB018C70022B718 /* ListCharactersViewController.swift */,
				3F8B71831DB019360022B718 /* ListCharacterTableViewCell.swift */,
				3F8B71841DB019360022B718 /* ListCharacterTableViewCell.xib */,
				3F8B718F1DB02CAC0022B718 /* ListCharactersPresenter.swift */,
				3F8B71931DB02D2E0022B718 /* ListCharactersUI.swift */,
			);
			name = ListCharacters;
			sourceTree = "<group>";
		};
		3F8B71871DB024180022B718 /* Support */ = {
			isa = PBXGroup;
			children = (
				3FF247611DB00452004DFBFE /* AppDelegate.swift */,
				3FF247681DB00452004DFBFE /* Assets.xcassets */,
				3FF2476A1DB00452004DFBFE /* LaunchScreen.storyboard */,
				3FF2476D1DB00452004DFBFE /* Info.plist */,
				3F8B718A1DB024490022B718 /* Marvel-Bridging-Header.h */,
			);
			name = Support;
			sourceTree = "<group>";
		};
		3F8B71881DB0242C0022B718 /* Domain */ = {
			isa = PBXGroup;
			children = (
				3F8B717D1DB0159C0022B718 /* MarvelErrors.swift */,
				3F8B718D1DB02AD50022B718 /* CharactersWireframe.swift */,
				3F8B71911DB02CCF0022B718 /* BasePresenter.swift */,
				3F8B71A21DB032AE0022B718 /* BaseUI.swift */,
				3F8B71A41DB032F10022B718 /* BaseViewController.swift */,
			);
			name = Domain;
			sourceTree = "<group>";
		};
		3F8B71891DB024350022B718 /* Storyboards */ = {
			isa = PBXGroup;
			children = (
				3FF247651DB00452004DFBFE /* Characters.storyboard */,
			);
			name = Storyboards;
			sourceTree = "<group>";
		};
		3F8B71951DB02E730022B718 /* UseCase */ = {
			isa = PBXGroup;
			children = (
				3F8B71961DB02EA60022B718 /* GetCharacters.swift */,
			);
			name = UseCase;
			sourceTree = "<group>";
		};
		3F8B71981DB02FED0022B718 /* Repository */ = {
			isa = PBXGroup;
			children = (
				3F8B71991DB02FFA0022B718 /* CharactersRepository.swift */,
			);
			name = Repository;
			sourceTree = "<group>";
		};
		3F8B719B1DB031090022B718 /* DetailCharacter */ = {
			isa = PBXGroup;
			children = (
				3F8B719C1DB0311D0022B718 /* DetailCharacterViewController.swift */,
				3F8B719E1DB031300022B718 /* DetailCharacterPresenter.swift */,
				3F8B71A01DB031530022B718 /* DetailCharacterUI.swift */,
			);
			name = DetailCharacter;
			sourceTree = "<group>";
		};
		3FEBF9B21DB0AA1C00ACD113 /* Entity */ = {
			isa = PBXGroup;
			children = (
				3FEBF9B31DB0AA3100ACD113 /* CharacterSpec.swift */,
			);
			name = Entity;
			sourceTree = "<group>";
		};
		3FF247551DB00452004DFBFE = {
			isa = PBXGroup;
			children = (
				3FF247601DB00452004DFBFE /* Marvel */,
				3FF247751DB00452004DFBFE /* MarvelTests */,
				3FF247801DB00452004DFBFE /* MarvelUITests */,
				3FF2475F1DB00452004DFBFE /* Products */,
				48B232B6D9D8FEEFCF7528EA /* Pods */,
				15AE9F0DF057083ACD1D089C /* Frameworks */,
			);
			sourceTree = "<group>";
		};
		3FF2475F1DB00452004DFBFE /* Products */ = {
			isa = PBXGroup;
			children = (
				3FF2475E1DB00452004DFBFE /* Marvel.app */,
				3FF247721DB00452004DFBFE /* MarvelTests.xctest */,
				3FF2477D1DB00452004DFBFE /* MarvelUITests.xctest */,
			);
			name = Products;
			sourceTree = "<group>";
		};
		3FF247601DB00452004DFBFE /* Marvel */ = {
			isa = PBXGroup;
			children = (
				3F8B71981DB02FED0022B718 /* Repository */,
				3F8B717F1DB018910022B718 /* Screens */,
				3F8B71951DB02E730022B718 /* UseCase */,
				3F8B71891DB024350022B718 /* Storyboards */,
				3F8B71881DB0242C0022B718 /* Domain */,
				3F8B71781DB00E140022B718 /* Entity */,
				3FF2478F1DB00500004DFBFE /* API */,
				3F8B71871DB024180022B718 /* Support */,
			);
			path = Marvel;
			sourceTree = "<group>";
		};
		3FF247751DB00452004DFBFE /* MarvelTests */ = {
			isa = PBXGroup;
			children = (
				3FEBF9B21DB0AA1C00ACD113 /* Entity */,
				3FF247761DB00452004DFBFE /* MarvelTests.swift */,
				3FF247781DB00452004DFBFE /* Info.plist */,
			);
			path = MarvelTests;
			sourceTree = "<group>";
		};
		3FF247801DB00452004DFBFE /* MarvelUITests */ = {
			isa = PBXGroup;
			children = (
				3FF247811DB00452004DFBFE /* MarvelUITests.swift */,
				3FF247831DB00452004DFBFE /* Info.plist */,
			);
			path = MarvelUITests;
			sourceTree = "<group>";
		};
		3FF2478F1DB00500004DFBFE /* API */ = {
			isa = PBXGroup;
			children = (
				3FF247901DB0051B004DFBFE /* CharactersAPI.swift */,
				3FF247921DB00553004DFBFE /* MarvelAPI.swift */,
				3F8B717B1DB0132A0022B718 /* CharacterParser.swift */,
			);
			name = API;
			sourceTree = "<group>";
		};
		48B232B6D9D8FEEFCF7528EA /* Pods */ = {
			isa = PBXGroup;
			children = (
				3108495B17B5544256EEDFE6 /* Pods-Marvel.debug.xcconfig */,
				C208FFF8D58624962DD2943D /* Pods-Marvel.release.xcconfig */,
				3ECB6D106CFD7D4B25BEF93F /* Pods-MarvelTests.debug.xcconfig */,
				BACADC8146DD89593127284A /* Pods-MarvelTests.release.xcconfig */,
				D21AA3133CE7DBF6D72DEE5C /* Pods-MarvelUITests.debug.xcconfig */,
				92D902BF1AA715EA047F97F7 /* Pods-MarvelUITests.release.xcconfig */,
			);
			name = Pods;
			sourceTree = "<group>";
		};
/* End PBXGroup section */

/* Begin PBXNativeTarget section */
		3FF2475D1DB00452004DFBFE /* Marvel */ = {
			isa = PBXNativeTarget;
			buildConfigurationList = 3FF247861DB00452004DFBFE /* Build configuration list for PBXNativeTarget "Marvel" */;
			buildPhases = (
				56822ED884B8875B8368899C /* 📦 Check Pods Manifest.lock */,
				3FF2475A1DB00452004DFBFE /* Sources */,
				3FF2475B1DB00452004DFBFE /* Frameworks */,
				3FF2475C1DB00452004DFBFE /* Resources */,
				2A7F6174D6B00F506B277F63 /* 📦 Embed Pods Frameworks */,
				357637DF02D282D92C01DCFC /* 📦 Copy Pods Resources */,
			);
			buildRules = (
			);
			dependencies = (
			);
			name = Marvel;
			productName = Marvel;
			productReference = 3FF2475E1DB00452004DFBFE /* Marvel.app */;
			productType = "com.apple.product-type.application";
		};
		3FF247711DB00452004DFBFE /* MarvelTests */ = {
			isa = PBXNativeTarget;
			buildConfigurationList = 3FF247891DB00452004DFBFE /* Build configuration list for PBXNativeTarget "MarvelTests" */;
			buildPhases = (
				AB6648005F9BB034006752CF /* 📦 Check Pods Manifest.lock */,
				3FF2476E1DB00452004DFBFE /* Sources */,
				3FF2476F1DB00452004DFBFE /* Frameworks */,
				3FF247701DB00452004DFBFE /* Resources */,
				4875B758D7015FF3E4A17B95 /* 📦 Embed Pods Frameworks */,
				C48AF3992ED3F99C947D7D76 /* 📦 Copy Pods Resources */,
			);
			buildRules = (
			);
			dependencies = (
				3FF247741DB00452004DFBFE /* PBXTargetDependency */,
			);
			name = MarvelTests;
			productName = MarvelTests;
			productReference = 3FF247721DB00452004DFBFE /* MarvelTests.xctest */;
			productType = "com.apple.product-type.bundle.unit-test";
		};
		3FF2477C1DB00452004DFBFE /* MarvelUITests */ = {
			isa = PBXNativeTarget;
			buildConfigurationList = 3FF2478C1DB00452004DFBFE /* Build configuration list for PBXNativeTarget "MarvelUITests" */;
			buildPhases = (
				136BECD79BCFFE6B3321EC35 /* 📦 Check Pods Manifest.lock */,
				3FF247791DB00452004DFBFE /* Sources */,
				3FF2477A1DB00452004DFBFE /* Frameworks */,
				3FF2477B1DB00452004DFBFE /* Resources */,
				118138524AFF9E935711FCF5 /* 📦 Copy Pods Resources */,
			);
			buildRules = (
			);
			dependencies = (
				3FF2477F1DB00452004DFBFE /* PBXTargetDependency */,
			);
			name = MarvelUITests;
			productName = MarvelUITests;
			productReference = 3FF2477D1DB00452004DFBFE /* MarvelUITests.xctest */;
			productType = "com.apple.product-type.bundle.ui-testing";
		};
/* End PBXNativeTarget section */

/* Begin PBXProject section */
		3FF247561DB00452004DFBFE /* Project object */ = {
			isa = PBXProject;
			attributes = {
				LastSwiftUpdateCheck = 0800;
				LastUpgradeCheck = 0800;
				ORGANIZATIONNAME = "Ivan Ruiz Monjo";
				TargetAttributes = {
					3FF2475D1DB00452004DFBFE = {
						CreatedOnToolsVersion = 8.0;
						LastSwiftMigration = 0800;
						ProvisioningStyle = Automatic;
					};
					3FF247711DB00452004DFBFE = {
						CreatedOnToolsVersion = 8.0;
						ProvisioningStyle = Automatic;
						TestTargetID = 3FF2475D1DB00452004DFBFE;
					};
					3FF2477C1DB00452004DFBFE = {
						CreatedOnToolsVersion = 8.0;
						ProvisioningStyle = Automatic;
						TestTargetID = 3FF2475D1DB00452004DFBFE;
					};
				};
			};
			buildConfigurationList = 3FF247591DB00452004DFBFE /* Build configuration list for PBXProject "Marvel" */;
			compatibilityVersion = "Xcode 3.2";
			developmentRegion = English;
			hasScannedForEncodings = 0;
			knownRegions = (
				en,
				Base,
			);
			mainGroup = 3FF247551DB00452004DFBFE;
			productRefGroup = 3FF2475F1DB00452004DFBFE /* Products */;
			projectDirPath = "";
			projectRoot = "";
			targets = (
				3FF2475D1DB00452004DFBFE /* Marvel */,
				3FF247711DB00452004DFBFE /* MarvelTests */,
				3FF2477C1DB00452004DFBFE /* MarvelUITests */,
			);
		};
/* End PBXProject section */

/* Begin PBXResourcesBuildPhase section */
		3FF2475C1DB00452004DFBFE /* Resources */ = {
			isa = PBXResourcesBuildPhase;
			buildActionMask = 2147483647;
			files = (
				3FF2476C1DB00452004DFBFE /* LaunchScreen.storyboard in Resources */,
				3FF247691DB00452004DFBFE /* Assets.xcassets in Resources */,
				3FF247671DB00452004DFBFE /* Characters.storyboard in Resources */,
				3F8B71861DB019360022B718 /* ListCharacterTableViewCell.xib in Resources */,
			);
			runOnlyForDeploymentPostprocessing = 0;
		};
		3FF247701DB00452004DFBFE /* Resources */ = {
			isa = PBXResourcesBuildPhase;
			buildActionMask = 2147483647;
			files = (
			);
			runOnlyForDeploymentPostprocessing = 0;
		};
		3FF2477B1DB00452004DFBFE /* Resources */ = {
			isa = PBXResourcesBuildPhase;
			buildActionMask = 2147483647;
			files = (
			);
			runOnlyForDeploymentPostprocessing = 0;
		};
/* End PBXResourcesBuildPhase section */

/* Begin PBXShellScriptBuildPhase section */
		118138524AFF9E935711FCF5 /* 📦 Copy Pods Resources */ = {
			isa = PBXShellScriptBuildPhase;
			buildActionMask = 2147483647;
			files = (
			);
			inputPaths = (
			);
			name = "📦 Copy Pods Resources";
			outputPaths = (
			);
			runOnlyForDeploymentPostprocessing = 0;
			shellPath = /bin/sh;
			shellScript = "\"${SRCROOT}/Pods/Target Support Files/Pods-MarvelUITests/Pods-MarvelUITests-resources.sh\"\n";
			showEnvVarsInLog = 0;
		};
		136BECD79BCFFE6B3321EC35 /* 📦 Check Pods Manifest.lock */ = {
			isa = PBXShellScriptBuildPhase;
			buildActionMask = 2147483647;
			files = (
			);
			inputPaths = (
			);
			name = "📦 Check Pods Manifest.lock";
			outputPaths = (
			);
			runOnlyForDeploymentPostprocessing = 0;
			shellPath = /bin/sh;
			shellScript = "diff \"${PODS_ROOT}/../Podfile.lock\" \"${PODS_ROOT}/Manifest.lock\" > /dev/null\nif [[ $? != 0 ]] ; then\n    cat << EOM\nerror: The sandbox is not in sync with the Podfile.lock. Run 'pod install' or update your CocoaPods installation.\nEOM\n    exit 1\nfi\n";
			showEnvVarsInLog = 0;
		};
		2A7F6174D6B00F506B277F63 /* 📦 Embed Pods Frameworks */ = {
			isa = PBXShellScriptBuildPhase;
			buildActionMask = 2147483647;
			files = (
			);
			inputPaths = (
			);
			name = "📦 Embed Pods Frameworks";
			outputPaths = (
			);
			runOnlyForDeploymentPostprocessing = 0;
			shellPath = /bin/sh;
			shellScript = "\"${SRCROOT}/Pods/Target Support Files/Pods-Marvel/Pods-Marvel-frameworks.sh\"\n";
			showEnvVarsInLog = 0;
		};
		357637DF02D282D92C01DCFC /* 📦 Copy Pods Resources */ = {
			isa = PBXShellScriptBuildPhase;
			buildActionMask = 2147483647;
			files = (
			);
			inputPaths = (
			);
			name = "📦 Copy Pods Resources";
			outputPaths = (
			);
			runOnlyForDeploymentPostprocessing = 0;
			shellPath = /bin/sh;
			shellScript = "\"${SRCROOT}/Pods/Target Support Files/Pods-Marvel/Pods-Marvel-resources.sh\"\n";
			showEnvVarsInLog = 0;
		};
		4875B758D7015FF3E4A17B95 /* 📦 Embed Pods Frameworks */ = {
			isa = PBXShellScriptBuildPhase;
			buildActionMask = 2147483647;
			files = (
			);
			inputPaths = (
			);
			name = "📦 Embed Pods Frameworks";
			outputPaths = (
			);
			runOnlyForDeploymentPostprocessing = 0;
			shellPath = /bin/sh;
			shellScript = "\"${SRCROOT}/Pods/Target Support Files/Pods-MarvelTests/Pods-MarvelTests-frameworks.sh\"\n";
			showEnvVarsInLog = 0;
		};
		56822ED884B8875B8368899C /* 📦 Check Pods Manifest.lock */ = {
			isa = PBXShellScriptBuildPhase;
			buildActionMask = 2147483647;
			files = (
			);
			inputPaths = (
			);
			name = "📦 Check Pods Manifest.lock";
			outputPaths = (
			);
			runOnlyForDeploymentPostprocessing = 0;
			shellPath = /bin/sh;
			shellScript = "diff \"${PODS_ROOT}/../Podfile.lock\" \"${PODS_ROOT}/Manifest.lock\" > /dev/null\nif [[ $? != 0 ]] ; then\n    cat << EOM\nerror: The sandbox is not in sync with the Podfile.lock. Run 'pod install' or update your CocoaPods installation.\nEOM\n    exit 1\nfi\n";
			showEnvVarsInLog = 0;
		};
		AB6648005F9BB034006752CF /* 📦 Check Pods Manifest.lock */ = {
			isa = PBXShellScriptBuildPhase;
			buildActionMask = 2147483647;
			files = (
			);
			inputPaths = (
			);
			name = "📦 Check Pods Manifest.lock";
			outputPaths = (
			);
			runOnlyForDeploymentPostprocessing = 0;
			shellPath = /bin/sh;
			shellScript = "diff \"${PODS_ROOT}/../Podfile.lock\" \"${PODS_ROOT}/Manifest.lock\" > /dev/null\nif [[ $? != 0 ]] ; then\n    cat << EOM\nerror: The sandbox is not in sync with the Podfile.lock. Run 'pod install' or update your CocoaPods installation.\nEOM\n    exit 1\nfi\n";
			showEnvVarsInLog = 0;
		};
		C48AF3992ED3F99C947D7D76 /* 📦 Copy Pods Resources */ = {
			isa = PBXShellScriptBuildPhase;
			buildActionMask = 2147483647;
			files = (
			);
			inputPaths = (
			);
			name = "📦 Copy Pods Resources";
			outputPaths = (
			);
			runOnlyForDeploymentPostprocessing = 0;
			shellPath = /bin/sh;
			shellScript = "\"${SRCROOT}/Pods/Target Support Files/Pods-MarvelTests/Pods-MarvelTests-resources.sh\"\n";
			showEnvVarsInLog = 0;
		};
/* End PBXShellScriptBuildPhase section */

/* Begin PBXSourcesBuildPhase section */
		3FF2475A1DB00452004DFBFE /* Sources */ = {
			isa = PBXSourcesBuildPhase;
			buildActionMask = 2147483647;
			files = (
				3F8B717C1DB0132A0022B718 /* CharacterParser.swift in Sources */,
				3F8B719F1DB031300022B718 /* DetailCharacterPresenter.swift in Sources */,
				3F8B71A31DB032AE0022B718 /* BaseUI.swift in Sources */,
				3F8B717E1DB0159C0022B718 /* MarvelErrors.swift in Sources */,
				3F8B71A51DB032F10022B718 /* BaseViewController.swift in Sources */,
				3FF247621DB00452004DFBFE /* AppDelegate.swift in Sources */,
				3F8B717A1DB00E2D0022B718 /* Character.swift in Sources */,
				3F8B71901DB02CAC0022B718 /* ListCharactersPresenter.swift in Sources */,
				3F8B719A1DB02FFA0022B718 /* CharactersRepository.swift in Sources */,
				3FF247911DB0051B004DFBFE /* CharactersAPI.swift in Sources */,
				3F8B71971DB02EA60022B718 /* GetCharacters.swift in Sources */,
				3FF247931DB00553004DFBFE /* MarvelAPI.swift in Sources */,
				3F8B71941DB02D2E0022B718 /* ListCharactersUI.swift in Sources */,
				3F8B71A11DB031530022B718 /* DetailCharacterUI.swift in Sources */,
				3F8B71851DB019360022B718 /* ListCharacterTableViewCell.swift in Sources */,
				3F8B719D1DB0311D0022B718 /* DetailCharacterViewController.swift in Sources */,
				3F8B718E1DB02AD50022B718 /* CharactersWireframe.swift in Sources */,
				3F8B71821DB018C70022B718 /* ListCharactersViewController.swift in Sources */,
				3F8B71921DB02CCF0022B718 /* BasePresenter.swift in Sources */,
			);
			runOnlyForDeploymentPostprocessing = 0;
		};
		3FF2476E1DB00452004DFBFE /* Sources */ = {
			isa = PBXSourcesBuildPhase;
			buildActionMask = 2147483647;
			files = (
				3FF247771DB00452004DFBFE /* MarvelTests.swift in Sources */,
				3FEBF9B41DB0AA3100ACD113 /* CharacterSpec.swift in Sources */,
			);
			runOnlyForDeploymentPostprocessing = 0;
		};
		3FF247791DB00452004DFBFE /* Sources */ = {
			isa = PBXSourcesBuildPhase;
			buildActionMask = 2147483647;
			files = (
				3FF247821DB00452004DFBFE /* MarvelUITests.swift in Sources */,
			);
			runOnlyForDeploymentPostprocessing = 0;
		};
/* End PBXSourcesBuildPhase section */

/* Begin PBXTargetDependency section */
		3FF247741DB00452004DFBFE /* PBXTargetDependency */ = {
			isa = PBXTargetDependency;
			target = 3FF2475D1DB00452004DFBFE /* Marvel */;
			targetProxy = 3FF247731DB00452004DFBFE /* PBXContainerItemProxy */;
		};
		3FF2477F1DB00452004DFBFE /* PBXTargetDependency */ = {
			isa = PBXTargetDependency;
			target = 3FF2475D1DB00452004DFBFE /* Marvel */;
			targetProxy = 3FF2477E1DB00452004DFBFE /* PBXContainerItemProxy */;
		};
/* End PBXTargetDependency section */

/* Begin PBXVariantGroup section */
		3FF247651DB00452004DFBFE /* Characters.storyboard */ = {
			isa = PBXVariantGroup;
			children = (
				3FF247661DB00452004DFBFE /* Base */,
			);
			name = Characters.storyboard;
			sourceTree = "<group>";
		};
		3FF2476A1DB00452004DFBFE /* LaunchScreen.storyboard */ = {
			isa = PBXVariantGroup;
			children = (
				3FF2476B1DB00452004DFBFE /* Base */,
			);
			name = LaunchScreen.storyboard;
			sourceTree = "<group>";
		};
/* End PBXVariantGroup section */

/* Begin XCBuildConfiguration section */
		3FF247841DB00452004DFBFE /* Debug */ = {
			isa = XCBuildConfiguration;
			buildSettings = {
				ALWAYS_SEARCH_USER_PATHS = NO;
				CLANG_ANALYZER_NONNULL = YES;
				CLANG_CXX_LANGUAGE_STANDARD = "gnu++0x";
				CLANG_CXX_LIBRARY = "libc++";
				CLANG_ENABLE_MODULES = YES;
				CLANG_ENABLE_OBJC_ARC = YES;
				CLANG_WARN_BOOL_CONVERSION = YES;
				CLANG_WARN_CONSTANT_CONVERSION = YES;
				CLANG_WARN_DIRECT_OBJC_ISA_USAGE = YES_ERROR;
				CLANG_WARN_DOCUMENTATION_COMMENTS = YES;
				CLANG_WARN_EMPTY_BODY = YES;
				CLANG_WARN_ENUM_CONVERSION = YES;
				CLANG_WARN_INFINITE_RECURSION = YES;
				CLANG_WARN_INT_CONVERSION = YES;
				CLANG_WARN_OBJC_ROOT_CLASS = YES_ERROR;
				CLANG_WARN_SUSPICIOUS_MOVES = YES;
				CLANG_WARN_UNREACHABLE_CODE = YES;
				CLANG_WARN__DUPLICATE_METHOD_MATCH = YES;
				"CODE_SIGN_IDENTITY[sdk=iphoneos*]" = "iPhone Developer";
				COPY_PHASE_STRIP = NO;
				DEBUG_INFORMATION_FORMAT = dwarf;
				ENABLE_STRICT_OBJC_MSGSEND = YES;
				ENABLE_TESTABILITY = YES;
				GCC_C_LANGUAGE_STANDARD = gnu99;
				GCC_DYNAMIC_NO_PIC = NO;
				GCC_NO_COMMON_BLOCKS = YES;
				GCC_OPTIMIZATION_LEVEL = 0;
				GCC_PREPROCESSOR_DEFINITIONS = (
					"DEBUG=1",
					"$(inherited)",
				);
				GCC_WARN_64_TO_32_BIT_CONVERSION = YES;
				GCC_WARN_ABOUT_RETURN_TYPE = YES_ERROR;
				GCC_WARN_UNDECLARED_SELECTOR = YES;
				GCC_WARN_UNINITIALIZED_AUTOS = YES_AGGRESSIVE;
				GCC_WARN_UNUSED_FUNCTION = YES;
				GCC_WARN_UNUSED_VARIABLE = YES;
				IPHONEOS_DEPLOYMENT_TARGET = 10.0;
				MTL_ENABLE_DEBUG_INFO = YES;
				ONLY_ACTIVE_ARCH = YES;
				SDKROOT = iphoneos;
				SWIFT_ACTIVE_COMPILATION_CONDITIONS = DEBUG;
				SWIFT_OPTIMIZATION_LEVEL = "-Onone";
			};
			name = Debug;
		};
		3FF247851DB00452004DFBFE /* Release */ = {
			isa = XCBuildConfiguration;
			buildSettings = {
				ALWAYS_SEARCH_USER_PATHS = NO;
				CLANG_ANALYZER_NONNULL = YES;
				CLANG_CXX_LANGUAGE_STANDARD = "gnu++0x";
				CLANG_CXX_LIBRARY = "libc++";
				CLANG_ENABLE_MODULES = YES;
				CLANG_ENABLE_OBJC_ARC = YES;
				CLANG_WARN_BOOL_CONVERSION = YES;
				CLANG_WARN_CONSTANT_CONVERSION = YES;
				CLANG_WARN_DIRECT_OBJC_ISA_USAGE = YES_ERROR;
				CLANG_WARN_DOCUMENTATION_COMMENTS = YES;
				CLANG_WARN_EMPTY_BODY = YES;
				CLANG_WARN_ENUM_CONVERSION = YES;
				CLANG_WARN_INFINITE_RECURSION = YES;
				CLANG_WARN_INT_CONVERSION = YES;
				CLANG_WARN_OBJC_ROOT_CLASS = YES_ERROR;
				CLANG_WARN_SUSPICIOUS_MOVES = YES;
				CLANG_WARN_UNREACHABLE_CODE = YES;
				CLANG_WARN__DUPLICATE_METHOD_MATCH = YES;
				"CODE_SIGN_IDENTITY[sdk=iphoneos*]" = "iPhone Developer";
				COPY_PHASE_STRIP = NO;
				DEBUG_INFORMATION_FORMAT = "dwarf-with-dsym";
				ENABLE_NS_ASSERTIONS = NO;
				ENABLE_STRICT_OBJC_MSGSEND = YES;
				GCC_C_LANGUAGE_STANDARD = gnu99;
				GCC_NO_COMMON_BLOCKS = YES;
				GCC_WARN_64_TO_32_BIT_CONVERSION = YES;
				GCC_WARN_ABOUT_RETURN_TYPE = YES_ERROR;
				GCC_WARN_UNDECLARED_SELECTOR = YES;
				GCC_WARN_UNINITIALIZED_AUTOS = YES_AGGRESSIVE;
				GCC_WARN_UNUSED_FUNCTION = YES;
				GCC_WARN_UNUSED_VARIABLE = YES;
				IPHONEOS_DEPLOYMENT_TARGET = 10.0;
				MTL_ENABLE_DEBUG_INFO = NO;
				SDKROOT = iphoneos;
				SWIFT_OPTIMIZATION_LEVEL = "-Owholemodule";
				VALIDATE_PRODUCT = YES;
			};
			name = Release;
		};
		3FF247871DB00452004DFBFE /* Debug */ = {
			isa = XCBuildConfiguration;
			baseConfigurationReference = 3108495B17B5544256EEDFE6 /* Pods-Marvel.debug.xcconfig */;
			buildSettings = {
				ASSETCATALOG_COMPILER_APPICON_NAME = AppIcon;
				CLANG_ENABLE_MODULES = YES;
				INFOPLIST_FILE = Marvel/Info.plist;
				LD_RUNPATH_SEARCH_PATHS = "$(inherited) @executable_path/Frameworks";
				PRODUCT_BUNDLE_IDENTIFIER = ivan.ruiz.Marvel;
				PRODUCT_NAME = "$(TARGET_NAME)";
				SWIFT_OBJC_BRIDGING_HEADER = "Marvel/Marvel-Bridging-Header.h";
				SWIFT_OPTIMIZATION_LEVEL = "-Onone";
				SWIFT_VERSION = 3.0;
			};
			name = Debug;
		};
		3FF247881DB00452004DFBFE /* Release */ = {
			isa = XCBuildConfiguration;
			baseConfigurationReference = C208FFF8D58624962DD2943D /* Pods-Marvel.release.xcconfig */;
			buildSettings = {
				ASSETCATALOG_COMPILER_APPICON_NAME = AppIcon;
				CLANG_ENABLE_MODULES = YES;
				INFOPLIST_FILE = Marvel/Info.plist;
				LD_RUNPATH_SEARCH_PATHS = "$(inherited) @executable_path/Frameworks";
				PRODUCT_BUNDLE_IDENTIFIER = ivan.ruiz.Marvel;
				PRODUCT_NAME = "$(TARGET_NAME)";
				SWIFT_OBJC_BRIDGING_HEADER = "Marvel/Marvel-Bridging-Header.h";
				SWIFT_VERSION = 3.0;
			};
			name = Release;
		};
		3FF2478A1DB00452004DFBFE /* Debug */ = {
			isa = XCBuildConfiguration;
			baseConfigurationReference = 3ECB6D106CFD7D4B25BEF93F /* Pods-MarvelTests.debug.xcconfig */;
			buildSettings = {
				ALWAYS_EMBED_SWIFT_STANDARD_LIBRARIES = YES;
				BUNDLE_LOADER = "$(TEST_HOST)";
				INFOPLIST_FILE = MarvelTests/Info.plist;
				LD_RUNPATH_SEARCH_PATHS = "$(inherited) @executable_path/Frameworks @loader_path/Frameworks";
				PRODUCT_BUNDLE_IDENTIFIER = ivan.ruiz.MarvelTests;
				PRODUCT_NAME = "$(TARGET_NAME)";
				SWIFT_VERSION = 3.0;
				TEST_HOST = "$(BUILT_PRODUCTS_DIR)/Marvel.app/Marvel";
			};
			name = Debug;
		};
		3FF2478B1DB00452004DFBFE /* Release */ = {
			isa = XCBuildConfiguration;
			baseConfigurationReference = BACADC8146DD89593127284A /* Pods-MarvelTests.release.xcconfig */;
			buildSettings = {
				ALWAYS_EMBED_SWIFT_STANDARD_LIBRARIES = YES;
				BUNDLE_LOADER = "$(TEST_HOST)";
				INFOPLIST_FILE = MarvelTests/Info.plist;
				LD_RUNPATH_SEARCH_PATHS = "$(inherited) @executable_path/Frameworks @loader_path/Frameworks";
				PRODUCT_BUNDLE_IDENTIFIER = ivan.ruiz.MarvelTests;
				PRODUCT_NAME = "$(TARGET_NAME)";
				SWIFT_VERSION = 3.0;
				TEST_HOST = "$(BUILT_PRODUCTS_DIR)/Marvel.app/Marvel";
			};
			name = Release;
		};
		3FF2478D1DB00452004DFBFE /* Debug */ = {
			isa = XCBuildConfiguration;
			baseConfigurationReference = D21AA3133CE7DBF6D72DEE5C /* Pods-MarvelUITests.debug.xcconfig */;
			buildSettings = {
				ALWAYS_EMBED_SWIFT_STANDARD_LIBRARIES = YES;
				INFOPLIST_FILE = MarvelUITests/Info.plist;
				LD_RUNPATH_SEARCH_PATHS = "$(inherited) @executable_path/Frameworks @loader_path/Frameworks";
				PRODUCT_BUNDLE_IDENTIFIER = ivan.ruiz.MarvelUITests;
				PRODUCT_NAME = "$(TARGET_NAME)";
				SWIFT_VERSION = 3.0;
				TEST_TARGET_NAME = Marvel;
			};
			name = Debug;
		};
		3FF2478E1DB00452004DFBFE /* Release */ = {
			isa = XCBuildConfiguration;
			baseConfigurationReference = 92D902BF1AA715EA047F97F7 /* Pods-MarvelUITests.release.xcconfig */;
			buildSettings = {
				ALWAYS_EMBED_SWIFT_STANDARD_LIBRARIES = YES;
				INFOPLIST_FILE = MarvelUITests/Info.plist;
				LD_RUNPATH_SEARCH_PATHS = "$(inherited) @executable_path/Frameworks @loader_path/Frameworks";
				PRODUCT_BUNDLE_IDENTIFIER = ivan.ruiz.MarvelUITests;
				PRODUCT_NAME = "$(TARGET_NAME)";
				SWIFT_VERSION = 3.0;
				TEST_TARGET_NAME = Marvel;
			};
			name = Release;
		};
/* End XCBuildConfiguration section */

/* Begin XCConfigurationList section */
		3FF247591DB00452004DFBFE /* Build configuration list for PBXProject "Marvel" */ = {
			isa = XCConfigurationList;
			buildConfigurations = (
				3FF247841DB00452004DFBFE /* Debug */,
				3FF247851DB00452004DFBFE /* Release */,
			);
			defaultConfigurationIsVisible = 0;
			defaultConfigurationName = Release;
		};
		3FF247861DB00452004DFBFE /* Build configuration list for PBXNativeTarget "Marvel" */ = {
			isa = XCConfigurationList;
			buildConfigurations = (
				3FF247871DB00452004DFBFE /* Debug */,
				3FF247881DB00452004DFBFE /* Release */,
			);
			defaultConfigurationIsVisible = 0;
			defaultConfigurationName = Release;
		};
		3FF247891DB00452004DFBFE /* Build configuration list for PBXNativeTarget "MarvelTests" */ = {
			isa = XCConfigurationList;
			buildConfigurations = (
				3FF2478A1DB00452004DFBFE /* Debug */,
				3FF2478B1DB00452004DFBFE /* Release */,
			);
			defaultConfigurationIsVisible = 0;
			defaultConfigurationName = Release;
		};
		3FF2478C1DB00452004DFBFE /* Build configuration list for PBXNativeTarget "MarvelUITests" */ = {
			isa = XCConfigurationList;
			buildConfigurations = (
				3FF2478D1DB00452004DFBFE /* Debug */,
				3FF2478E1DB00452004DFBFE /* Release */,
			);
			defaultConfigurationIsVisible = 0;
			defaultConfigurationName = Release;
		};
/* End XCConfigurationList section */
	};
	rootObject = 3FF247561DB00452004DFBFE /* Project object */;
}
