<?xml version="1.0" encoding="UTF-8"?>
<!DOCTYPE plist PUBLIC "-//Apple//DTD PLIST 1.0//EN" "http://www.apple.com/DTDs/PropertyList-1.0.dtd">
<plist version="1.0">
<dict>
	<key>archiveVersion</key>
	<string>1</string>
	<key>classes</key>
	<dict/>
	<key>objectVersion</key>
	<string>46</string>
	<key>objects</key>
	<dict>
		<key>118138524AFF9E935711FCF5</key>
		<dict>
			<key>buildActionMask</key>
			<string>2147483647</string>
			<key>files</key>
			<array/>
			<key>inputPaths</key>
			<array/>
			<key>isa</key>
			<string>PBXShellScriptBuildPhase</string>
			<key>name</key>
			<string>[CP] Copy Pods Resources</string>
			<key>outputPaths</key>
			<array/>
			<key>runOnlyForDeploymentPostprocessing</key>
			<string>0</string>
			<key>shellPath</key>
			<string>/bin/sh</string>
			<key>shellScript</key>
			<string>"${SRCROOT}/Pods/Target Support Files/Pods-MarvelUITests/Pods-MarvelUITests-resources.sh"
</string>
			<key>showEnvVarsInLog</key>
			<string>0</string>
		</dict>
		<key>136BECD79BCFFE6B3321EC35</key>
		<dict>
			<key>buildActionMask</key>
			<string>2147483647</string>
			<key>files</key>
			<array/>
			<key>inputPaths</key>
			<array/>
			<key>isa</key>
			<string>PBXShellScriptBuildPhase</string>
			<key>name</key>
			<string>[CP] Check Pods Manifest.lock</string>
			<key>outputPaths</key>
			<array/>
			<key>runOnlyForDeploymentPostprocessing</key>
			<string>0</string>
			<key>shellPath</key>
			<string>/bin/sh</string>
			<key>shellScript</key>
			<string>diff "${PODS_ROOT}/../Podfile.lock" "${PODS_ROOT}/Manifest.lock" &gt; /dev/null
if [[ $? != 0 ]] ; then
    cat &lt;&lt; EOM
error: The sandbox is not in sync with the Podfile.lock. Run 'pod install' or update your CocoaPods installation.
EOM
    exit 1
fi
</string>
			<key>showEnvVarsInLog</key>
			<string>0</string>
		</dict>
		<key>15AE9F0DF057083ACD1D089C</key>
		<dict>
			<key>children</key>
			<array>
				<string>A39D449E1DB0EEB8003C0075</string>
				<string>A39D449C1DB0EEAF003C0075</string>
				<string>B139759010CC0900AFAB9DE8</string>
				<string>8B77C308CBB69935009D90CE</string>
				<string>AA4693C68D508E3519506EA1</string>
				<string>7230001ECB2CAE66B816C770</string>
			</array>
			<key>isa</key>
			<string>PBXGroup</string>
			<key>name</key>
			<string>Frameworks</string>
			<key>sourceTree</key>
			<string>&lt;group&gt;</string>
		</dict>
		<key>1BBD9BBFCF6BE8C91AF1B286</key>
		<dict>
			<key>fileRef</key>
			<string>AA4693C68D508E3519506EA1</string>
			<key>isa</key>
			<string>PBXBuildFile</string>
		</dict>
		<key>1C7F8C25FAC506C034F109F1</key>
		<dict>
			<key>buildActionMask</key>
			<string>2147483647</string>
			<key>files</key>
			<array/>
			<key>inputPaths</key>
			<array/>
			<key>isa</key>
			<string>PBXShellScriptBuildPhase</string>
			<key>name</key>
			<string>Copy Pods Resources</string>
			<key>outputPaths</key>
			<array/>
			<key>runOnlyForDeploymentPostprocessing</key>
			<string>0</string>
			<key>shellPath</key>
			<string>/bin/sh</string>
			<key>shellScript</key>
			<string>"${SRCROOT}/Pods/Target Support Files/Pods-MarvelTests/Pods-MarvelTests-resources.sh"
</string>
			<key>showEnvVarsInLog</key>
			<string>0</string>
		</dict>
		<key>2A7F6174D6B00F506B277F63</key>
		<dict>
			<key>buildActionMask</key>
			<string>2147483647</string>
			<key>files</key>
			<array/>
			<key>inputPaths</key>
			<array/>
			<key>isa</key>
			<string>PBXShellScriptBuildPhase</string>
			<key>name</key>
			<string>[CP] Embed Pods Frameworks</string>
			<key>outputPaths</key>
			<array/>
			<key>runOnlyForDeploymentPostprocessing</key>
			<string>0</string>
			<key>shellPath</key>
			<string>/bin/sh</string>
			<key>shellScript</key>
			<string>"${SRCROOT}/Pods/Target Support Files/Pods-Marvel/Pods-Marvel-frameworks.sh"
</string>
			<key>showEnvVarsInLog</key>
			<string>0</string>
		</dict>
		<key>2ACF8773C457141F5AA490CC</key>
		<dict>
			<key>buildActionMask</key>
			<string>2147483647</string>
			<key>files</key>
			<array/>
			<key>inputPaths</key>
			<array/>
			<key>isa</key>
			<string>PBXShellScriptBuildPhase</string>
			<key>name</key>
			<string>[CP] Copy Pods Resources</string>
			<key>outputPaths</key>
			<array/>
			<key>runOnlyForDeploymentPostprocessing</key>
			<string>0</string>
			<key>shellPath</key>
			<string>/bin/sh</string>
			<key>shellScript</key>
			<string>"${SRCROOT}/Pods/Target Support Files/Pods-Marvel-Acceptance Tests/Pods-Marvel-Acceptance Tests-resources.sh"
</string>
			<key>showEnvVarsInLog</key>
			<string>0</string>
		</dict>
		<key>2F7B7C523FD2EF8DB9F5C0B4</key>
		<dict>
			<key>fileRef</key>
			<string>7230001ECB2CAE66B816C770</string>
			<key>isa</key>
			<string>PBXBuildFile</string>
		</dict>
		<key>3108495B17B5544256EEDFE6</key>
		<dict>
			<key>includeInIndex</key>
			<string>1</string>
			<key>isa</key>
			<string>PBXFileReference</string>
			<key>lastKnownFileType</key>
			<string>text.xcconfig</string>
			<key>name</key>
			<string>Pods-Marvel.debug.xcconfig</string>
			<key>path</key>
			<string>Pods/Target Support Files/Pods-Marvel/Pods-Marvel.debug.xcconfig</string>
			<key>sourceTree</key>
			<string>&lt;group&gt;</string>
		</dict>
		<key>357637DF02D282D92C01DCFC</key>
		<dict>
			<key>buildActionMask</key>
			<string>2147483647</string>
			<key>files</key>
			<array/>
			<key>inputPaths</key>
			<array/>
			<key>isa</key>
			<string>PBXShellScriptBuildPhase</string>
			<key>name</key>
			<string>[CP] Copy Pods Resources</string>
			<key>outputPaths</key>
			<array/>
			<key>runOnlyForDeploymentPostprocessing</key>
			<string>0</string>
			<key>shellPath</key>
			<string>/bin/sh</string>
			<key>shellScript</key>
			<string>"${SRCROOT}/Pods/Target Support Files/Pods-Marvel/Pods-Marvel-resources.sh"
</string>
			<key>showEnvVarsInLog</key>
			<string>0</string>
		</dict>
		<key>37716219A58016F1FAADFE8F</key>
		<dict>
			<key>buildActionMask</key>
			<string>2147483647</string>
			<key>files</key>
			<array/>
			<key>inputPaths</key>
			<array/>
			<key>isa</key>
			<string>PBXShellScriptBuildPhase</string>
			<key>name</key>
			<string>Embed Pods Frameworks</string>
			<key>outputPaths</key>
			<array/>
			<key>runOnlyForDeploymentPostprocessing</key>
			<string>0</string>
			<key>shellPath</key>
			<string>/bin/sh</string>
			<key>shellScript</key>
			<string>"${SRCROOT}/Pods/Target Support Files/Pods-MarvelTests/Pods-MarvelTests-frameworks.sh"
</string>
			<key>showEnvVarsInLog</key>
			<string>0</string>
		</dict>
		<key>3ECB6D106CFD7D4B25BEF93F</key>
		<dict>
			<key>includeInIndex</key>
			<string>1</string>
			<key>isa</key>
			<string>PBXFileReference</string>
			<key>lastKnownFileType</key>
			<string>text.xcconfig</string>
			<key>name</key>
			<string>Pods-MarvelTests.debug.xcconfig</string>
			<key>path</key>
			<string>Pods/Target Support Files/Pods-MarvelTests/Pods-MarvelTests.debug.xcconfig</string>
			<key>sourceTree</key>
			<string>&lt;group&gt;</string>
		</dict>
		<key>3F8B71781DB00E140022B718</key>
		<dict>
			<key>children</key>
			<array>
				<string>3F8B71791DB00E2D0022B718</string>
				<string>A3790CEE1DB2211B00875F53</string>
			</array>
			<key>isa</key>
			<string>PBXGroup</string>
			<key>name</key>
			<string>Entity</string>
			<key>sourceTree</key>
			<string>&lt;group&gt;</string>
		</dict>
		<key>3F8B71791DB00E2D0022B718</key>
		<dict>
			<key>fileEncoding</key>
			<string>4</string>
			<key>isa</key>
			<string>PBXFileReference</string>
			<key>lastKnownFileType</key>
			<string>sourcecode.swift</string>
			<key>name</key>
			<string>MarvelCharacter.swift</string>
			<key>path</key>
			<string>Entity/MarvelCharacter.swift</string>
			<key>sourceTree</key>
			<string>&lt;group&gt;</string>
		</dict>
		<key>3F8B717A1DB00E2D0022B718</key>
		<dict>
			<key>fileRef</key>
			<string>3F8B71791DB00E2D0022B718</string>
			<key>isa</key>
			<string>PBXBuildFile</string>
		</dict>
		<key>3F8B717D1DB0159C0022B718</key>
		<dict>
			<key>fileEncoding</key>
			<string>4</string>
			<key>isa</key>
			<string>PBXFileReference</string>
			<key>lastKnownFileType</key>
			<string>sourcecode.swift</string>
			<key>path</key>
			<string>MarvelErrors.swift</string>
			<key>sourceTree</key>
			<string>&lt;group&gt;</string>
		</dict>
		<key>3F8B717E1DB0159C0022B718</key>
		<dict>
			<key>fileRef</key>
			<string>3F8B717D1DB0159C0022B718</string>
			<key>isa</key>
			<string>PBXBuildFile</string>
		</dict>
		<key>3F8B717F1DB018910022B718</key>
		<dict>
			<key>children</key>
			<array>
				<string>3F8B719B1DB031090022B718</string>
				<string>3F8B71801DB018990022B718</string>
			</array>
			<key>isa</key>
			<string>PBXGroup</string>
			<key>name</key>
			<string>Screens</string>
			<key>sourceTree</key>
			<string>&lt;group&gt;</string>
		</dict>
		<key>3F8B71801DB018990022B718</key>
		<dict>
			<key>children</key>
			<array>
				<string>A39D447D1DB0D03A003C0075</string>
				<string>3F8B71811DB018C70022B718</string>
				<string>3F8B718F1DB02CAC0022B718</string>
				<string>3F8B71931DB02D2E0022B718</string>
			</array>
			<key>isa</key>
			<string>PBXGroup</string>
			<key>name</key>
			<string>ListCharacters</string>
			<key>sourceTree</key>
			<string>&lt;group&gt;</string>
		</dict>
		<key>3F8B71811DB018C70022B718</key>
		<dict>
			<key>fileEncoding</key>
			<string>4</string>
			<key>isa</key>
			<string>PBXFileReference</string>
			<key>lastKnownFileType</key>
			<string>sourcecode.swift</string>
			<key>name</key>
			<string>ListCharactersViewController.swift</string>
			<key>path</key>
			<string>Screens/ListCharacters/ListCharactersViewController.swift</string>
			<key>sourceTree</key>
			<string>&lt;group&gt;</string>
		</dict>
		<key>3F8B71821DB018C70022B718</key>
		<dict>
			<key>fileRef</key>
			<string>3F8B71811DB018C70022B718</string>
			<key>isa</key>
			<string>PBXBuildFile</string>
		</dict>
		<key>3F8B71831DB019360022B718</key>
		<dict>
			<key>fileEncoding</key>
			<string>4</string>
			<key>isa</key>
			<string>PBXFileReference</string>
			<key>lastKnownFileType</key>
			<string>sourcecode.swift</string>
			<key>name</key>
			<string>ListCharacterTableViewCell.swift</string>
			<key>path</key>
			<string>Screens/ListCharacters/ListCharacterTableViewCell.swift</string>
			<key>sourceTree</key>
			<string>&lt;group&gt;</string>
		</dict>
		<key>3F8B71841DB019360022B718</key>
		<dict>
			<key>fileEncoding</key>
			<string>4</string>
			<key>isa</key>
			<string>PBXFileReference</string>
			<key>lastKnownFileType</key>
			<string>file.xib</string>
			<key>name</key>
			<string>ListCharacterTableViewCell.xib</string>
			<key>path</key>
			<string>Screens/ListCharacters/ListCharacterTableViewCell.xib</string>
			<key>sourceTree</key>
			<string>&lt;group&gt;</string>
		</dict>
		<key>3F8B71851DB019360022B718</key>
		<dict>
			<key>fileRef</key>
			<string>3F8B71831DB019360022B718</string>
			<key>isa</key>
			<string>PBXBuildFile</string>
		</dict>
		<key>3F8B71861DB019360022B718</key>
		<dict>
			<key>fileRef</key>
			<string>3F8B71841DB019360022B718</string>
			<key>isa</key>
			<string>PBXBuildFile</string>
		</dict>
		<key>3F8B71871DB024180022B718</key>
		<dict>
			<key>children</key>
			<array>
				<string>3FF247611DB00452004DFBFE</string>
				<string>3FF247681DB00452004DFBFE</string>
				<string>3FF2476A1DB00452004DFBFE</string>
				<string>3FF2476D1DB00452004DFBFE</string>
				<string>3F8B718A1DB024490022B718</string>
			</array>
			<key>isa</key>
			<string>PBXGroup</string>
			<key>name</key>
			<string>Support</string>
			<key>sourceTree</key>
			<string>&lt;group&gt;</string>
		</dict>
		<key>3F8B71881DB0242C0022B718</key>
		<dict>
			<key>children</key>
			<array>
				<string>A3790CDA1DB12F7800875F53</string>
				<string>A39D447A1DB0CE8E003C0075</string>
				<string>3F8B718D1DB02AD50022B718</string>
				<string>3F8B71911DB02CCF0022B718</string>
				<string>3F8B71A21DB032AE0022B718</string>
				<string>3F8B71A41DB032F10022B718</string>
			</array>
			<key>isa</key>
			<string>PBXGroup</string>
			<key>name</key>
			<string>Domain</string>
			<key>sourceTree</key>
			<string>&lt;group&gt;</string>
		</dict>
		<key>3F8B71891DB024350022B718</key>
		<dict>
			<key>children</key>
			<array>
				<string>3FF247651DB00452004DFBFE</string>
			</array>
			<key>isa</key>
			<string>PBXGroup</string>
			<key>name</key>
			<string>Storyboards</string>
			<key>sourceTree</key>
			<string>&lt;group&gt;</string>
		</dict>
		<key>3F8B718A1DB024490022B718</key>
		<dict>
			<key>isa</key>
			<string>PBXFileReference</string>
			<key>lastKnownFileType</key>
			<string>sourcecode.c.h</string>
			<key>path</key>
			<string>Marvel-Bridging-Header.h</string>
			<key>sourceTree</key>
			<string>&lt;group&gt;</string>
		</dict>
		<key>3F8B718D1DB02AD50022B718</key>
		<dict>
			<key>fileEncoding</key>
			<string>4</string>
			<key>isa</key>
			<string>PBXFileReference</string>
			<key>lastKnownFileType</key>
			<string>sourcecode.swift</string>
			<key>name</key>
			<string>CharacterWireframe.swift</string>
			<key>path</key>
			<string>Domain/CharacterWireframe.swift</string>
			<key>sourceTree</key>
			<string>&lt;group&gt;</string>
		</dict>
		<key>3F8B718E1DB02AD50022B718</key>
		<dict>
			<key>fileRef</key>
			<string>3F8B718D1DB02AD50022B718</string>
			<key>isa</key>
			<string>PBXBuildFile</string>
		</dict>
		<key>3F8B718F1DB02CAC0022B718</key>
		<dict>
			<key>fileEncoding</key>
			<string>4</string>
			<key>isa</key>
			<string>PBXFileReference</string>
			<key>lastKnownFileType</key>
			<string>sourcecode.swift</string>
			<key>name</key>
			<string>ListCharactersPresenter.swift</string>
			<key>path</key>
			<string>Screens/ListCharacters/ListCharactersPresenter.swift</string>
			<key>sourceTree</key>
			<string>&lt;group&gt;</string>
		</dict>
		<key>3F8B71901DB02CAC0022B718</key>
		<dict>
			<key>fileRef</key>
			<string>3F8B718F1DB02CAC0022B718</string>
			<key>isa</key>
			<string>PBXBuildFile</string>
		</dict>
		<key>3F8B71911DB02CCF0022B718</key>
		<dict>
			<key>fileEncoding</key>
			<string>4</string>
			<key>isa</key>
			<string>PBXFileReference</string>
			<key>lastKnownFileType</key>
			<string>sourcecode.swift</string>
			<key>path</key>
			<string>BasePresenter.swift</string>
			<key>sourceTree</key>
			<string>&lt;group&gt;</string>
		</dict>
		<key>3F8B71921DB02CCF0022B718</key>
		<dict>
			<key>fileRef</key>
			<string>3F8B71911DB02CCF0022B718</string>
			<key>isa</key>
			<string>PBXBuildFile</string>
		</dict>
		<key>3F8B71931DB02D2E0022B718</key>
		<dict>
			<key>fileEncoding</key>
			<string>4</string>
			<key>isa</key>
			<string>PBXFileReference</string>
			<key>lastKnownFileType</key>
			<string>sourcecode.swift</string>
			<key>name</key>
			<string>ListCharactersUI.swift</string>
			<key>path</key>
			<string>Screens/ListCharacters/ListCharactersUI.swift</string>
			<key>sourceTree</key>
			<string>&lt;group&gt;</string>
		</dict>
		<key>3F8B71941DB02D2E0022B718</key>
		<dict>
			<key>fileRef</key>
			<string>3F8B71931DB02D2E0022B718</string>
			<key>isa</key>
			<string>PBXBuildFile</string>
		</dict>
		<key>3F8B71951DB02E730022B718</key>
		<dict>
			<key>children</key>
			<array>
				<string>3F8B71961DB02EA60022B718</string>
				<string>A3790CE81DB2203B00875F53</string>
			</array>
			<key>isa</key>
			<string>PBXGroup</string>
			<key>name</key>
			<string>UseCase</string>
			<key>sourceTree</key>
			<string>&lt;group&gt;</string>
		</dict>
		<key>3F8B71961DB02EA60022B718</key>
		<dict>
			<key>fileEncoding</key>
			<string>4</string>
			<key>isa</key>
			<string>PBXFileReference</string>
			<key>lastKnownFileType</key>
			<string>sourcecode.swift</string>
			<key>name</key>
			<string>GetCharacters.swift</string>
			<key>path</key>
			<string>UseCase/GetCharacters.swift</string>
			<key>sourceTree</key>
			<string>&lt;group&gt;</string>
		</dict>
		<key>3F8B71971DB02EA60022B718</key>
		<dict>
			<key>fileRef</key>
			<string>3F8B71961DB02EA60022B718</string>
			<key>isa</key>
			<string>PBXBuildFile</string>
		</dict>
		<key>3F8B71981DB02FED0022B718</key>
		<dict>
			<key>children</key>
			<array>
				<string>3F8B71991DB02FFA0022B718</string>
				<string>A3790CEA1DB2206A00875F53</string>
			</array>
			<key>isa</key>
			<string>PBXGroup</string>
			<key>name</key>
			<string>Repository</string>
			<key>sourceTree</key>
			<string>&lt;group&gt;</string>
		</dict>
		<key>3F8B71991DB02FFA0022B718</key>
		<dict>
			<key>fileEncoding</key>
			<string>4</string>
			<key>isa</key>
			<string>PBXFileReference</string>
			<key>lastKnownFileType</key>
			<string>sourcecode.swift</string>
			<key>path</key>
			<string>CharacterRepository.swift</string>
			<key>sourceTree</key>
			<string>&lt;group&gt;</string>
		</dict>
		<key>3F8B719A1DB02FFA0022B718</key>
		<dict>
			<key>fileRef</key>
			<string>3F8B71991DB02FFA0022B718</string>
			<key>isa</key>
			<string>PBXBuildFile</string>
		</dict>
		<key>3F8B719B1DB031090022B718</key>
		<dict>
			<key>children</key>
			<array>
				<string>A3790CDE1DB2081C00875F53</string>
				<string>3F8B719C1DB0311D0022B718</string>
				<string>3F8B719E1DB031300022B718</string>
				<string>3F8B71A01DB031530022B718</string>
			</array>
			<key>isa</key>
			<string>PBXGroup</string>
			<key>name</key>
			<string>DetailCharacter</string>
			<key>sourceTree</key>
			<string>&lt;group&gt;</string>
		</dict>
		<key>3F8B719C1DB0311D0022B718</key>
		<dict>
			<key>fileEncoding</key>
			<string>4</string>
			<key>isa</key>
			<string>PBXFileReference</string>
			<key>lastKnownFileType</key>
			<string>sourcecode.swift</string>
			<key>path</key>
			<string>DetailCharacterViewController.swift</string>
			<key>sourceTree</key>
			<string>&lt;group&gt;</string>
		</dict>
		<key>3F8B719D1DB0311D0022B718</key>
		<dict>
			<key>fileRef</key>
			<string>3F8B719C1DB0311D0022B718</string>
			<key>isa</key>
			<string>PBXBuildFile</string>
		</dict>
		<key>3F8B719E1DB031300022B718</key>
		<dict>
			<key>fileEncoding</key>
			<string>4</string>
			<key>isa</key>
			<string>PBXFileReference</string>
			<key>lastKnownFileType</key>
			<string>sourcecode.swift</string>
			<key>path</key>
			<string>DetailCharacterPresenter.swift</string>
			<key>sourceTree</key>
			<string>&lt;group&gt;</string>
		</dict>
		<key>3F8B719F1DB031300022B718</key>
		<dict>
			<key>fileRef</key>
			<string>3F8B719E1DB031300022B718</string>
			<key>isa</key>
			<string>PBXBuildFile</string>
		</dict>
		<key>3F8B71A01DB031530022B718</key>
		<dict>
			<key>fileEncoding</key>
			<string>4</string>
			<key>isa</key>
			<string>PBXFileReference</string>
			<key>lastKnownFileType</key>
			<string>sourcecode.swift</string>
			<key>path</key>
			<string>DetailCharacterUI.swift</string>
			<key>sourceTree</key>
			<string>&lt;group&gt;</string>
		</dict>
		<key>3F8B71A11DB031530022B718</key>
		<dict>
			<key>fileRef</key>
			<string>3F8B71A01DB031530022B718</string>
			<key>isa</key>
			<string>PBXBuildFile</string>
		</dict>
		<key>3F8B71A21DB032AE0022B718</key>
		<dict>
			<key>fileEncoding</key>
			<string>4</string>
			<key>isa</key>
			<string>PBXFileReference</string>
			<key>lastKnownFileType</key>
			<string>sourcecode.swift</string>
			<key>path</key>
			<string>BaseUI.swift</string>
			<key>sourceTree</key>
			<string>&lt;group&gt;</string>
		</dict>
		<key>3F8B71A31DB032AE0022B718</key>
		<dict>
			<key>fileRef</key>
			<string>3F8B71A21DB032AE0022B718</string>
			<key>isa</key>
			<string>PBXBuildFile</string>
		</dict>
		<key>3F8B71A41DB032F10022B718</key>
		<dict>
			<key>fileEncoding</key>
			<string>4</string>
			<key>isa</key>
			<string>PBXFileReference</string>
			<key>lastKnownFileType</key>
			<string>sourcecode.swift</string>
			<key>path</key>
			<string>BaseViewController.swift</string>
			<key>sourceTree</key>
			<string>&lt;group&gt;</string>
		</dict>
		<key>3F8B71A51DB032F10022B718</key>
		<dict>
			<key>fileRef</key>
			<string>3F8B71A41DB032F10022B718</string>
			<key>isa</key>
			<string>PBXBuildFile</string>
		</dict>
		<key>3FC65359B72D1BEC2846F8A7</key>
		<dict>
			<key>fileRef</key>
			<string>8B77C308CBB69935009D90CE</string>
			<key>isa</key>
			<string>PBXBuildFile</string>
		</dict>
		<key>3FEBF9B21DB0AA1C00ACD113</key>
		<dict>
			<key>children</key>
			<array>
				<string>3FEBF9B31DB0AA3100ACD113</string>
			</array>
			<key>isa</key>
			<string>PBXGroup</string>
			<key>name</key>
			<string>Entity</string>
			<key>sourceTree</key>
			<string>&lt;group&gt;</string>
		</dict>
		<key>3FEBF9B31DB0AA3100ACD113</key>
		<dict>
			<key>fileEncoding</key>
			<string>4</string>
			<key>isa</key>
			<string>PBXFileReference</string>
			<key>lastKnownFileType</key>
			<string>sourcecode.swift</string>
			<key>path</key>
			<string>CharacterSpec.swift</string>
			<key>sourceTree</key>
			<string>&lt;group&gt;</string>
		</dict>
		<key>3FEBF9B41DB0AA3100ACD113</key>
		<dict>
			<key>fileRef</key>
			<string>3FEBF9B31DB0AA3100ACD113</string>
			<key>isa</key>
			<string>PBXBuildFile</string>
		</dict>
		<key>3FF247551DB00452004DFBFE</key>
		<dict>
			<key>children</key>
			<array>
				<string>3FF247601DB00452004DFBFE</string>
				<string>3FF247751DB00452004DFBFE</string>
				<string>3FF247801DB00452004DFBFE</string>
				<string>A39D448B1DB0DE05003C0075</string>
				<string>3FF2475F1DB00452004DFBFE</string>
				<string>48B232B6D9D8FEEFCF7528EA</string>
				<string>15AE9F0DF057083ACD1D089C</string>
			</array>
			<key>isa</key>
			<string>PBXGroup</string>
			<key>sourceTree</key>
			<string>&lt;group&gt;</string>
		</dict>
		<key>3FF247561DB00452004DFBFE</key>
		<dict>
			<key>attributes</key>
			<dict>
				<key>LastSwiftUpdateCheck</key>
				<string>0810</string>
				<key>LastUpgradeCheck</key>
				<string>0810</string>
				<key>ORGANIZATIONNAME</key>
				<string>Ivan Ruiz Monjo</string>
				<key>TargetAttributes</key>
				<dict>
					<key>3FF2475D1DB00452004DFBFE</key>
					<dict>
						<key>CreatedOnToolsVersion</key>
						<string>8.0</string>
						<key>DevelopmentTeam</key>
						<string>96S72PRKCZ</string>
						<key>LastSwiftMigration</key>
						<string>0800</string>
						<key>ProvisioningStyle</key>
						<string>Automatic</string>
					</dict>
					<key>3FF247711DB00452004DFBFE</key>
					<dict>
						<key>CreatedOnToolsVersion</key>
						<string>8.0</string>
						<key>ProvisioningStyle</key>
						<string>Automatic</string>
						<key>TestTargetID</key>
						<string>3FF2475D1DB00452004DFBFE</string>
					</dict>
					<key>3FF2477C1DB00452004DFBFE</key>
					<dict>
						<key>CreatedOnToolsVersion</key>
						<string>8.0</string>
						<key>ProvisioningStyle</key>
						<string>Automatic</string>
						<key>TestTargetID</key>
						<string>3FF2475D1DB00452004DFBFE</string>
					</dict>
					<key>A39D44891DB0DE05003C0075</key>
					<dict>
						<key>CreatedOnToolsVersion</key>
						<string>8.1</string>
						<key>ProvisioningStyle</key>
						<string>Automatic</string>
						<key>TestTargetID</key>
						<string>3FF2475D1DB00452004DFBFE</string>
					</dict>
				</dict>
			</dict>
			<key>buildConfigurationList</key>
			<string>3FF247591DB00452004DFBFE</string>
			<key>compatibilityVersion</key>
			<string>Xcode 3.2</string>
			<key>developmentRegion</key>
			<string>English</string>
			<key>hasScannedForEncodings</key>
			<string>0</string>
			<key>isa</key>
			<string>PBXProject</string>
			<key>knownRegions</key>
			<array>
				<string>en</string>
				<string>Base</string>
			</array>
			<key>mainGroup</key>
			<string>3FF247551DB00452004DFBFE</string>
			<key>productRefGroup</key>
			<string>3FF2475F1DB00452004DFBFE</string>
			<key>projectDirPath</key>
			<string></string>
			<key>projectReferences</key>
			<array/>
			<key>projectRoot</key>
			<string></string>
			<key>targets</key>
			<array>
				<string>3FF2475D1DB00452004DFBFE</string>
				<string>3FF247711DB00452004DFBFE</string>
				<string>3FF2477C1DB00452004DFBFE</string>
				<string>A39D44891DB0DE05003C0075</string>
			</array>
		</dict>
		<key>3FF247591DB00452004DFBFE</key>
		<dict>
			<key>buildConfigurations</key>
			<array>
				<string>3FF247841DB00452004DFBFE</string>
				<string>3FF247851DB00452004DFBFE</string>
			</array>
			<key>defaultConfigurationIsVisible</key>
			<string>0</string>
			<key>defaultConfigurationName</key>
			<string>Release</string>
			<key>isa</key>
			<string>XCConfigurationList</string>
		</dict>
		<key>3FF2475A1DB00452004DFBFE</key>
		<dict>
			<key>buildActionMask</key>
			<string>2147483647</string>
			<key>files</key>
			<array>
				<string>3F8B719F1DB031300022B718</string>
				<string>3F8B71A31DB032AE0022B718</string>
				<string>A3790CE51DB20D7F00875F53</string>
				<string>3F8B717E1DB0159C0022B718</string>
				<string>3F8B71A51DB032F10022B718</string>
				<string>A3790CE11DB2087600875F53</string>
				<string>A39D447F1DB0D0D4003C0075</string>
				<string>A3790CE91DB2203B00875F53</string>
				<string>3FF247621DB00452004DFBFE</string>
				<string>3F8B717A1DB00E2D0022B718</string>
				<string>A3790CF11DB221DB00875F53</string>
				<string>3F8B71901DB02CAC0022B718</string>
				<string>A3790CEB1DB2206A00875F53</string>
				<string>3F8B719A1DB02FFA0022B718</string>
				<string>3FF247911DB0051B004DFBFE</string>
				<string>3F8B71971DB02EA60022B718</string>
				<string>3FF247931DB00553004DFBFE</string>
				<string>3F8B71941DB02D2E0022B718</string>
				<string>3F8B71A11DB031530022B718</string>
				<string>A39D447C1DB0CEA0003C0075</string>
				<string>A3790CF31DB22A8F00875F53</string>
				<string>A3790CEF1DB2211B00875F53</string>
				<string>3F8B71851DB019360022B718</string>
				<string>3F8B719D1DB0311D0022B718</string>
				<string>3F8B718E1DB02AD50022B718</string>
				<string>3F8B71821DB018C70022B718</string>
				<string>3F8B71921DB02CCF0022B718</string>
			</array>
			<key>isa</key>
			<string>PBXSourcesBuildPhase</string>
			<key>runOnlyForDeploymentPostprocessing</key>
			<string>0</string>
		</dict>
		<key>3FF2475B1DB00452004DFBFE</key>
		<dict>
			<key>buildActionMask</key>
			<string>2147483647</string>
			<key>files</key>
			<array>
				<string>FEB20E2214C228F5BC8E1AF2</string>
			</array>
			<key>isa</key>
			<string>PBXFrameworksBuildPhase</string>
			<key>runOnlyForDeploymentPostprocessing</key>
			<string>0</string>
		</dict>
		<key>3FF2475C1DB00452004DFBFE</key>
		<dict>
			<key>buildActionMask</key>
			<string>2147483647</string>
			<key>files</key>
			<array>
				<string>3FF2476C1DB00452004DFBFE</string>
				<string>3FF247691DB00452004DFBFE</string>
				<string>A3790CE61DB20D7F00875F53</string>
				<string>3FF247671DB00452004DFBFE</string>
				<string>A3790CE21DB2087600875F53</string>
				<string>3F8B71861DB019360022B718</string>
			</array>
			<key>isa</key>
			<string>PBXResourcesBuildPhase</string>
			<key>runOnlyForDeploymentPostprocessing</key>
			<string>0</string>
		</dict>
		<key>3FF2475D1DB00452004DFBFE</key>
		<dict>
			<key>buildConfigurationList</key>
			<string>3FF247861DB00452004DFBFE</string>
			<key>buildPhases</key>
			<array>
				<string>EE69D146D029E5DD44932DDC</string>
				<string>56822ED884B8875B8368899C</string>
				<string>3FF2475A1DB00452004DFBFE</string>
				<string>3FF2475B1DB00452004DFBFE</string>
				<string>3FF2475C1DB00452004DFBFE</string>
				<string>2A7F6174D6B00F506B277F63</string>
				<string>357637DF02D282D92C01DCFC</string>
				<string>D6E6804499743A3F8E7FEC8A</string>
				<string>44BAD87E4F4F644FFC4FE45C</string>
			</array>
			<key>buildRules</key>
			<array/>
			<key>dependencies</key>
			<array/>
			<key>isa</key>
			<string>PBXNativeTarget</string>
			<key>name</key>
			<string>Marvel</string>
			<key>productName</key>
			<string>Marvel</string>
			<key>productReference</key>
			<string>3FF2475E1DB00452004DFBFE</string>
			<key>productType</key>
			<string>com.apple.product-type.application</string>
		</dict>
		<key>3FF2475E1DB00452004DFBFE</key>
		<dict>
			<key>explicitFileType</key>
			<string>wrapper.application</string>
			<key>includeInIndex</key>
			<string>0</string>
			<key>isa</key>
			<string>PBXFileReference</string>
			<key>path</key>
			<string>Marvel.app</string>
			<key>sourceTree</key>
			<string>BUILT_PRODUCTS_DIR</string>
		</dict>
		<key>3FF2475F1DB00452004DFBFE</key>
		<dict>
			<key>children</key>
			<array>
				<string>3FF2475E1DB00452004DFBFE</string>
				<string>3FF247721DB00452004DFBFE</string>
				<string>3FF2477D1DB00452004DFBFE</string>
				<string>A39D448A1DB0DE05003C0075</string>
			</array>
			<key>isa</key>
			<string>PBXGroup</string>
			<key>name</key>
			<string>Products</string>
			<key>sourceTree</key>
			<string>&lt;group&gt;</string>
		</dict>
		<key>3FF247601DB00452004DFBFE</key>
		<dict>
			<key>children</key>
			<array>
				<string>3F8B71981DB02FED0022B718</string>
				<string>3F8B717F1DB018910022B718</string>
				<string>3F8B71951DB02E730022B718</string>
				<string>3F8B71891DB024350022B718</string>
				<string>3F8B71881DB0242C0022B718</string>
				<string>3F8B71781DB00E140022B718</string>
				<string>3FF2478F1DB00500004DFBFE</string>
				<string>3F8B71871DB024180022B718</string>
			</array>
			<key>isa</key>
			<string>PBXGroup</string>
			<key>path</key>
			<string>Marvel</string>
			<key>sourceTree</key>
			<string>&lt;group&gt;</string>
		</dict>
		<key>3FF247611DB00452004DFBFE</key>
		<dict>
			<key>isa</key>
			<string>PBXFileReference</string>
			<key>lastKnownFileType</key>
			<string>sourcecode.swift</string>
			<key>path</key>
			<string>AppDelegate.swift</string>
			<key>sourceTree</key>
			<string>&lt;group&gt;</string>
		</dict>
		<key>3FF247621DB00452004DFBFE</key>
		<dict>
			<key>fileRef</key>
			<string>3FF247611DB00452004DFBFE</string>
			<key>isa</key>
			<string>PBXBuildFile</string>
		</dict>
		<key>3FF247651DB00452004DFBFE</key>
		<dict>
			<key>children</key>
			<array>
				<string>3FF247661DB00452004DFBFE</string>
			</array>
			<key>isa</key>
			<string>PBXVariantGroup</string>
			<key>name</key>
			<string>Characters.storyboard</string>
			<key>sourceTree</key>
			<string>&lt;group&gt;</string>
		</dict>
		<key>3FF247661DB00452004DFBFE</key>
		<dict>
			<key>isa</key>
			<string>PBXFileReference</string>
			<key>lastKnownFileType</key>
			<string>file.storyboard</string>
			<key>name</key>
			<string>Base</string>
			<key>path</key>
			<string>Base.lproj/Characters.storyboard</string>
			<key>sourceTree</key>
			<string>&lt;group&gt;</string>
		</dict>
		<key>3FF247671DB00452004DFBFE</key>
		<dict>
			<key>fileRef</key>
			<string>3FF247651DB00452004DFBFE</string>
			<key>isa</key>
			<string>PBXBuildFile</string>
		</dict>
		<key>3FF247681DB00452004DFBFE</key>
		<dict>
			<key>isa</key>
			<string>PBXFileReference</string>
			<key>lastKnownFileType</key>
			<string>folder.assetcatalog</string>
			<key>path</key>
			<string>Assets.xcassets</string>
			<key>sourceTree</key>
			<string>&lt;group&gt;</string>
		</dict>
		<key>3FF247691DB00452004DFBFE</key>
		<dict>
			<key>fileRef</key>
			<string>3FF247681DB00452004DFBFE</string>
			<key>isa</key>
			<string>PBXBuildFile</string>
		</dict>
		<key>3FF2476A1DB00452004DFBFE</key>
		<dict>
			<key>children</key>
			<array>
				<string>3FF2476B1DB00452004DFBFE</string>
			</array>
			<key>isa</key>
			<string>PBXVariantGroup</string>
			<key>name</key>
			<string>LaunchScreen.storyboard</string>
			<key>sourceTree</key>
			<string>&lt;group&gt;</string>
		</dict>
		<key>3FF2476B1DB00452004DFBFE</key>
		<dict>
			<key>isa</key>
			<string>PBXFileReference</string>
			<key>lastKnownFileType</key>
			<string>file.storyboard</string>
			<key>name</key>
			<string>Base</string>
			<key>path</key>
			<string>Base.lproj/LaunchScreen.storyboard</string>
			<key>sourceTree</key>
			<string>&lt;group&gt;</string>
		</dict>
		<key>3FF2476C1DB00452004DFBFE</key>
		<dict>
			<key>fileRef</key>
			<string>3FF2476A1DB00452004DFBFE</string>
			<key>isa</key>
			<string>PBXBuildFile</string>
		</dict>
		<key>3FF2476D1DB00452004DFBFE</key>
		<dict>
			<key>isa</key>
			<string>PBXFileReference</string>
			<key>lastKnownFileType</key>
			<string>text.plist.xml</string>
			<key>path</key>
			<string>Info.plist</string>
			<key>sourceTree</key>
			<string>&lt;group&gt;</string>
		</dict>
		<key>3FF2476E1DB00452004DFBFE</key>
		<dict>
			<key>buildActionMask</key>
			<string>2147483647</string>
			<key>files</key>
			<array>
				<string>A39D44791DB0CDCC003C0075</string>
				<string>3FF247771DB00452004DFBFE</string>
				<string>A39D44821DB0D381003C0075</string>
				<string>A39D44851DB0D407003C0075</string>
				<string>3FEBF9B41DB0AA3100ACD113</string>
			</array>
			<key>isa</key>
			<string>PBXSourcesBuildPhase</string>
			<key>runOnlyForDeploymentPostprocessing</key>
			<string>0</string>
		</dict>
		<key>3FF2476F1DB00452004DFBFE</key>
		<dict>
			<key>buildActionMask</key>
			<string>2147483647</string>
			<key>files</key>
			<array>
				<string>3FC65359B72D1BEC2846F8A7</string>
			</array>
			<key>isa</key>
			<string>PBXFrameworksBuildPhase</string>
			<key>runOnlyForDeploymentPostprocessing</key>
			<string>0</string>
		</dict>
		<key>3FF247701DB00452004DFBFE</key>
		<dict>
			<key>buildActionMask</key>
			<string>2147483647</string>
			<key>files</key>
			<array/>
			<key>isa</key>
			<string>PBXResourcesBuildPhase</string>
			<key>runOnlyForDeploymentPostprocessing</key>
			<string>0</string>
		</dict>
		<key>3FF247711DB00452004DFBFE</key>
		<dict>
			<key>buildConfigurationList</key>
			<string>3FF247891DB00452004DFBFE</string>
			<key>buildPhases</key>
			<array>
				<string>CE840072D96EA75CC7F0D90C</string>
				<string>AB6648005F9BB034006752CF</string>
				<string>3FF2476E1DB00452004DFBFE</string>
				<string>3FF2476F1DB00452004DFBFE</string>
				<string>3FF247701DB00452004DFBFE</string>
				<string>4875B758D7015FF3E4A17B95</string>
				<string>C48AF3992ED3F99C947D7D76</string>
				<string>37716219A58016F1FAADFE8F</string>
				<string>1C7F8C25FAC506C034F109F1</string>
			</array>
			<key>buildRules</key>
			<array/>
			<key>dependencies</key>
			<array>
				<string>3FF247741DB00452004DFBFE</string>
			</array>
			<key>isa</key>
			<string>PBXNativeTarget</string>
			<key>name</key>
			<string>MarvelTests</string>
			<key>productName</key>
			<string>MarvelTests</string>
			<key>productReference</key>
			<string>3FF247721DB00452004DFBFE</string>
			<key>productType</key>
			<string>com.apple.product-type.bundle.unit-test</string>
		</dict>
		<key>3FF247721DB00452004DFBFE</key>
		<dict>
			<key>explicitFileType</key>
			<string>wrapper.cfbundle</string>
			<key>includeInIndex</key>
			<string>0</string>
			<key>isa</key>
			<string>PBXFileReference</string>
			<key>path</key>
			<string>MarvelTests.xctest</string>
			<key>sourceTree</key>
			<string>BUILT_PRODUCTS_DIR</string>
		</dict>
		<key>3FF247731DB00452004DFBFE</key>
		<dict>
			<key>containerPortal</key>
			<string>3FF247561DB00452004DFBFE</string>
			<key>isa</key>
			<string>PBXContainerItemProxy</string>
			<key>proxyType</key>
			<string>1</string>
			<key>remoteGlobalIDString</key>
			<string>3FF2475D1DB00452004DFBFE</string>
			<key>remoteInfo</key>
			<string>Marvel</string>
		</dict>
		<key>3FF247741DB00452004DFBFE</key>
		<dict>
			<key>isa</key>
			<string>PBXTargetDependency</string>
			<key>target</key>
			<string>3FF2475D1DB00452004DFBFE</string>
			<key>targetProxy</key>
			<string>3FF247731DB00452004DFBFE</string>
		</dict>
		<key>3FF247751DB00452004DFBFE</key>
		<dict>
			<key>children</key>
			<array>
				<string>A39D44831DB0D3FD003C0075</string>
				<string>3FEBF9B21DB0AA1C00ACD113</string>
				<string>A39D44761DB0CDA0003C0075</string>
				<string>3FF247761DB00452004DFBFE</string>
				<string>3FF247781DB00452004DFBFE</string>
			</array>
			<key>isa</key>
			<string>PBXGroup</string>
			<key>path</key>
			<string>MarvelTests</string>
			<key>sourceTree</key>
			<string>&lt;group&gt;</string>
		</dict>
		<key>3FF247761DB00452004DFBFE</key>
		<dict>
			<key>isa</key>
			<string>PBXFileReference</string>
			<key>lastKnownFileType</key>
			<string>sourcecode.swift</string>
			<key>path</key>
			<string>MarvelTests.swift</string>
			<key>sourceTree</key>
			<string>&lt;group&gt;</string>
		</dict>
		<key>3FF247771DB00452004DFBFE</key>
		<dict>
			<key>fileRef</key>
			<string>3FF247761DB00452004DFBFE</string>
			<key>isa</key>
			<string>PBXBuildFile</string>
		</dict>
		<key>3FF247781DB00452004DFBFE</key>
		<dict>
			<key>isa</key>
			<string>PBXFileReference</string>
			<key>lastKnownFileType</key>
			<string>text.plist.xml</string>
			<key>path</key>
			<string>Info.plist</string>
			<key>sourceTree</key>
			<string>&lt;group&gt;</string>
		</dict>
		<key>3FF247791DB00452004DFBFE</key>
		<dict>
			<key>buildActionMask</key>
			<string>2147483647</string>
			<key>files</key>
			<array>
				<string>3FF247821DB00452004DFBFE</string>
			</array>
			<key>isa</key>
			<string>PBXSourcesBuildPhase</string>
			<key>runOnlyForDeploymentPostprocessing</key>
			<string>0</string>
		</dict>
		<key>3FF2477A1DB00452004DFBFE</key>
		<dict>
			<key>buildActionMask</key>
			<string>2147483647</string>
			<key>files</key>
			<array>
				<string>1BBD9BBFCF6BE8C91AF1B286</string>
			</array>
			<key>isa</key>
			<string>PBXFrameworksBuildPhase</string>
			<key>runOnlyForDeploymentPostprocessing</key>
			<string>0</string>
		</dict>
		<key>3FF2477B1DB00452004DFBFE</key>
		<dict>
			<key>buildActionMask</key>
			<string>2147483647</string>
			<key>files</key>
			<array/>
			<key>isa</key>
			<string>PBXResourcesBuildPhase</string>
			<key>runOnlyForDeploymentPostprocessing</key>
			<string>0</string>
		</dict>
		<key>3FF2477C1DB00452004DFBFE</key>
		<dict>
			<key>buildConfigurationList</key>
			<string>3FF2478C1DB00452004DFBFE</string>
			<key>buildPhases</key>
			<array>
				<string>D820CB48927A17F8B95225BF</string>
				<string>136BECD79BCFFE6B3321EC35</string>
				<string>3FF247791DB00452004DFBFE</string>
				<string>3FF2477A1DB00452004DFBFE</string>
				<string>3FF2477B1DB00452004DFBFE</string>
				<string>118138524AFF9E935711FCF5</string>
				<string>EACAD4DCDBD2E1634A779632</string>
			</array>
			<key>buildRules</key>
			<array/>
			<key>dependencies</key>
			<array>
				<string>3FF2477F1DB00452004DFBFE</string>
			</array>
			<key>isa</key>
			<string>PBXNativeTarget</string>
			<key>name</key>
			<string>MarvelUITests</string>
			<key>productName</key>
			<string>MarvelUITests</string>
			<key>productReference</key>
			<string>3FF2477D1DB00452004DFBFE</string>
			<key>productType</key>
			<string>com.apple.product-type.bundle.ui-testing</string>
		</dict>
		<key>3FF2477D1DB00452004DFBFE</key>
		<dict>
			<key>explicitFileType</key>
			<string>wrapper.cfbundle</string>
			<key>includeInIndex</key>
			<string>0</string>
			<key>isa</key>
			<string>PBXFileReference</string>
			<key>path</key>
			<string>MarvelUITests.xctest</string>
			<key>sourceTree</key>
			<string>BUILT_PRODUCTS_DIR</string>
		</dict>
		<key>3FF2477E1DB00452004DFBFE</key>
		<dict>
			<key>containerPortal</key>
			<string>3FF247561DB00452004DFBFE</string>
			<key>isa</key>
			<string>PBXContainerItemProxy</string>
			<key>proxyType</key>
			<string>1</string>
			<key>remoteGlobalIDString</key>
			<string>3FF2475D1DB00452004DFBFE</string>
			<key>remoteInfo</key>
			<string>Marvel</string>
		</dict>
		<key>3FF2477F1DB00452004DFBFE</key>
		<dict>
			<key>isa</key>
			<string>PBXTargetDependency</string>
			<key>target</key>
			<string>3FF2475D1DB00452004DFBFE</string>
			<key>targetProxy</key>
			<string>3FF2477E1DB00452004DFBFE</string>
		</dict>
		<key>3FF247801DB00452004DFBFE</key>
		<dict>
			<key>children</key>
			<array>
				<string>3FF247811DB00452004DFBFE</string>
				<string>3FF247831DB00452004DFBFE</string>
			</array>
			<key>isa</key>
			<string>PBXGroup</string>
			<key>path</key>
			<string>MarvelUITests</string>
			<key>sourceTree</key>
			<string>&lt;group&gt;</string>
		</dict>
		<key>3FF247811DB00452004DFBFE</key>
		<dict>
			<key>isa</key>
			<string>PBXFileReference</string>
			<key>lastKnownFileType</key>
			<string>sourcecode.swift</string>
			<key>path</key>
			<string>MarvelUITests.swift</string>
			<key>sourceTree</key>
			<string>&lt;group&gt;</string>
		</dict>
		<key>3FF247821DB00452004DFBFE</key>
		<dict>
			<key>fileRef</key>
			<string>3FF247811DB00452004DFBFE</string>
			<key>isa</key>
			<string>PBXBuildFile</string>
		</dict>
		<key>3FF247831DB00452004DFBFE</key>
		<dict>
			<key>isa</key>
			<string>PBXFileReference</string>
			<key>lastKnownFileType</key>
			<string>text.plist.xml</string>
			<key>path</key>
			<string>Info.plist</string>
			<key>sourceTree</key>
			<string>&lt;group&gt;</string>
		</dict>
		<key>3FF247841DB00452004DFBFE</key>
		<dict>
			<key>buildSettings</key>
			<dict>
				<key>ALWAYS_SEARCH_USER_PATHS</key>
				<string>NO</string>
				<key>CLANG_ANALYZER_NONNULL</key>
				<string>YES</string>
				<key>CLANG_CXX_LANGUAGE_STANDARD</key>
				<string>gnu++0x</string>
				<key>CLANG_CXX_LIBRARY</key>
				<string>libc++</string>
				<key>CLANG_ENABLE_MODULES</key>
				<string>YES</string>
				<key>CLANG_ENABLE_OBJC_ARC</key>
				<string>YES</string>
				<key>CLANG_WARN_BOOL_CONVERSION</key>
				<string>YES</string>
				<key>CLANG_WARN_CONSTANT_CONVERSION</key>
				<string>YES</string>
				<key>CLANG_WARN_DIRECT_OBJC_ISA_USAGE</key>
				<string>YES_ERROR</string>
				<key>CLANG_WARN_DOCUMENTATION_COMMENTS</key>
				<string>YES</string>
				<key>CLANG_WARN_EMPTY_BODY</key>
				<string>YES</string>
				<key>CLANG_WARN_ENUM_CONVERSION</key>
				<string>YES</string>
				<key>CLANG_WARN_INFINITE_RECURSION</key>
				<string>YES</string>
				<key>CLANG_WARN_INT_CONVERSION</key>
				<string>YES</string>
				<key>CLANG_WARN_OBJC_ROOT_CLASS</key>
				<string>YES_ERROR</string>
				<key>CLANG_WARN_SUSPICIOUS_MOVE</key>
				<string>YES</string>
				<key>CLANG_WARN_SUSPICIOUS_MOVES</key>
				<string>YES</string>
				<key>CLANG_WARN_UNREACHABLE_CODE</key>
				<string>YES</string>
				<key>CLANG_WARN__DUPLICATE_METHOD_MATCH</key>
				<string>YES</string>
				<key>CODE_SIGN_IDENTITY[sdk=iphoneos*]</key>
				<string>iPhone Developer</string>
				<key>COPY_PHASE_STRIP</key>
				<string>NO</string>
				<key>DEBUG_INFORMATION_FORMAT</key>
				<string>dwarf</string>
				<key>ENABLE_STRICT_OBJC_MSGSEND</key>
				<string>YES</string>
				<key>ENABLE_TESTABILITY</key>
				<string>YES</string>
				<key>GCC_C_LANGUAGE_STANDARD</key>
				<string>gnu99</string>
				<key>GCC_DYNAMIC_NO_PIC</key>
				<string>NO</string>
				<key>GCC_NO_COMMON_BLOCKS</key>
				<string>YES</string>
				<key>GCC_OPTIMIZATION_LEVEL</key>
				<string>0</string>
				<key>GCC_PREPROCESSOR_DEFINITIONS</key>
				<array>
					<string>DEBUG=1</string>
					<string>$(inherited)</string>
				</array>
				<key>GCC_WARN_64_TO_32_BIT_CONVERSION</key>
				<string>YES</string>
				<key>GCC_WARN_ABOUT_RETURN_TYPE</key>
				<string>YES_ERROR</string>
				<key>GCC_WARN_UNDECLARED_SELECTOR</key>
				<string>YES</string>
				<key>GCC_WARN_UNINITIALIZED_AUTOS</key>
				<string>YES_AGGRESSIVE</string>
				<key>GCC_WARN_UNUSED_FUNCTION</key>
				<string>YES</string>
				<key>GCC_WARN_UNUSED_VARIABLE</key>
				<string>YES</string>
				<key>IPHONEOS_DEPLOYMENT_TARGET</key>
				<string>10.0</string>
				<key>MTL_ENABLE_DEBUG_INFO</key>
				<string>YES</string>
				<key>ONLY_ACTIVE_ARCH</key>
				<string>YES</string>
				<key>SDKROOT</key>
				<string>iphoneos</string>
				<key>SWIFT_ACTIVE_COMPILATION_CONDITIONS</key>
				<string>DEBUG</string>
				<key>SWIFT_OPTIMIZATION_LEVEL</key>
				<string>-Onone</string>
			</dict>
			<key>isa</key>
			<string>XCBuildConfiguration</string>
			<key>name</key>
			<string>Debug</string>
		</dict>
		<key>3FF247851DB00452004DFBFE</key>
		<dict>
			<key>buildSettings</key>
			<dict>
				<key>ALWAYS_SEARCH_USER_PATHS</key>
				<string>NO</string>
				<key>CLANG_ANALYZER_NONNULL</key>
				<string>YES</string>
				<key>CLANG_CXX_LANGUAGE_STANDARD</key>
				<string>gnu++0x</string>
				<key>CLANG_CXX_LIBRARY</key>
				<string>libc++</string>
				<key>CLANG_ENABLE_MODULES</key>
				<string>YES</string>
				<key>CLANG_ENABLE_OBJC_ARC</key>
				<string>YES</string>
				<key>CLANG_WARN_BOOL_CONVERSION</key>
				<string>YES</string>
				<key>CLANG_WARN_CONSTANT_CONVERSION</key>
				<string>YES</string>
				<key>CLANG_WARN_DIRECT_OBJC_ISA_USAGE</key>
				<string>YES_ERROR</string>
				<key>CLANG_WARN_DOCUMENTATION_COMMENTS</key>
				<string>YES</string>
				<key>CLANG_WARN_EMPTY_BODY</key>
				<string>YES</string>
				<key>CLANG_WARN_ENUM_CONVERSION</key>
				<string>YES</string>
				<key>CLANG_WARN_INFINITE_RECURSION</key>
				<string>YES</string>
				<key>CLANG_WARN_INT_CONVERSION</key>
				<string>YES</string>
				<key>CLANG_WARN_OBJC_ROOT_CLASS</key>
				<string>YES_ERROR</string>
				<key>CLANG_WARN_SUSPICIOUS_MOVE</key>
				<string>YES</string>
				<key>CLANG_WARN_SUSPICIOUS_MOVES</key>
				<string>YES</string>
				<key>CLANG_WARN_UNREACHABLE_CODE</key>
				<string>YES</string>
				<key>CLANG_WARN__DUPLICATE_METHOD_MATCH</key>
				<string>YES</string>
				<key>CODE_SIGN_IDENTITY[sdk=iphoneos*]</key>
				<string>iPhone Developer</string>
				<key>COPY_PHASE_STRIP</key>
				<string>NO</string>
				<key>DEBUG_INFORMATION_FORMAT</key>
				<string>dwarf-with-dsym</string>
				<key>ENABLE_NS_ASSERTIONS</key>
				<string>NO</string>
				<key>ENABLE_STRICT_OBJC_MSGSEND</key>
				<string>YES</string>
				<key>GCC_C_LANGUAGE_STANDARD</key>
				<string>gnu99</string>
				<key>GCC_NO_COMMON_BLOCKS</key>
				<string>YES</string>
				<key>GCC_WARN_64_TO_32_BIT_CONVERSION</key>
				<string>YES</string>
				<key>GCC_WARN_ABOUT_RETURN_TYPE</key>
				<string>YES_ERROR</string>
				<key>GCC_WARN_UNDECLARED_SELECTOR</key>
				<string>YES</string>
				<key>GCC_WARN_UNINITIALIZED_AUTOS</key>
				<string>YES_AGGRESSIVE</string>
				<key>GCC_WARN_UNUSED_FUNCTION</key>
				<string>YES</string>
				<key>GCC_WARN_UNUSED_VARIABLE</key>
				<string>YES</string>
				<key>IPHONEOS_DEPLOYMENT_TARGET</key>
				<string>10.0</string>
				<key>MTL_ENABLE_DEBUG_INFO</key>
				<string>NO</string>
				<key>SDKROOT</key>
				<string>iphoneos</string>
				<key>SWIFT_OPTIMIZATION_LEVEL</key>
				<string>-Owholemodule</string>
				<key>VALIDATE_PRODUCT</key>
				<string>YES</string>
			</dict>
			<key>isa</key>
			<string>XCBuildConfiguration</string>
			<key>name</key>
			<string>Release</string>
		</dict>
		<key>3FF247861DB00452004DFBFE</key>
		<dict>
			<key>buildConfigurations</key>
			<array>
				<string>3FF247871DB00452004DFBFE</string>
				<string>3FF247881DB00452004DFBFE</string>
			</array>
			<key>defaultConfigurationIsVisible</key>
			<string>0</string>
			<key>defaultConfigurationName</key>
			<string>Release</string>
			<key>isa</key>
			<string>XCConfigurationList</string>
		</dict>
		<key>3FF247871DB00452004DFBFE</key>
		<dict>
			<key>baseConfigurationReference</key>
			<string>3108495B17B5544256EEDFE6</string>
			<key>buildSettings</key>
			<dict>
				<key>ALWAYS_EMBED_SWIFT_STANDARD_LIBRARIES</key>
				<string>YES</string>
				<key>ASSETCATALOG_COMPILER_APPICON_NAME</key>
				<string>AppIcon</string>
				<key>CLANG_ENABLE_MODULES</key>
				<string>YES</string>
				<key>DEVELOPMENT_TEAM</key>
				<string>96S72PRKCZ</string>
				<key>INFOPLIST_FILE</key>
				<string>Marvel/Info.plist</string>
				<key>LD_RUNPATH_SEARCH_PATHS</key>
				<string>$(inherited) @executable_path/Frameworks</string>
				<key>PRODUCT_BUNDLE_IDENTIFIER</key>
				<string>ivan.ruiz.Marvel</string>
				<key>PRODUCT_NAME</key>
				<string>$(TARGET_NAME)</string>
				<key>SWIFT_OBJC_BRIDGING_HEADER</key>
				<string>Marvel/Marvel-Bridging-Header.h</string>
				<key>SWIFT_OPTIMIZATION_LEVEL</key>
				<string>-Onone</string>
				<key>SWIFT_VERSION</key>
				<string>3.0</string>
			</dict>
			<key>isa</key>
			<string>XCBuildConfiguration</string>
			<key>name</key>
			<string>Debug</string>
		</dict>
		<key>3FF247881DB00452004DFBFE</key>
		<dict>
			<key>baseConfigurationReference</key>
			<string>C208FFF8D58624962DD2943D</string>
			<key>buildSettings</key>
			<dict>
				<key>ALWAYS_EMBED_SWIFT_STANDARD_LIBRARIES</key>
				<string>YES</string>
				<key>ASSETCATALOG_COMPILER_APPICON_NAME</key>
				<string>AppIcon</string>
				<key>CLANG_ENABLE_MODULES</key>
				<string>YES</string>
				<key>DEVELOPMENT_TEAM</key>
				<string>96S72PRKCZ</string>
				<key>INFOPLIST_FILE</key>
				<string>Marvel/Info.plist</string>
				<key>LD_RUNPATH_SEARCH_PATHS</key>
				<string>$(inherited) @executable_path/Frameworks</string>
				<key>PRODUCT_BUNDLE_IDENTIFIER</key>
				<string>ivan.ruiz.Marvel</string>
				<key>PRODUCT_NAME</key>
				<string>$(TARGET_NAME)</string>
				<key>SWIFT_OBJC_BRIDGING_HEADER</key>
				<string>Marvel/Marvel-Bridging-Header.h</string>
				<key>SWIFT_VERSION</key>
				<string>3.0</string>
			</dict>
			<key>isa</key>
			<string>XCBuildConfiguration</string>
			<key>name</key>
			<string>Release</string>
		</dict>
		<key>3FF247891DB00452004DFBFE</key>
		<dict>
			<key>buildConfigurations</key>
			<array>
				<string>3FF2478A1DB00452004DFBFE</string>
				<string>3FF2478B1DB00452004DFBFE</string>
			</array>
			<key>defaultConfigurationIsVisible</key>
			<string>0</string>
			<key>defaultConfigurationName</key>
			<string>Release</string>
			<key>isa</key>
			<string>XCConfigurationList</string>
		</dict>
		<key>3FF2478A1DB00452004DFBFE</key>
		<dict>
			<key>baseConfigurationReference</key>
			<string>3ECB6D106CFD7D4B25BEF93F</string>
			<key>buildSettings</key>
			<dict>
				<key>ALWAYS_EMBED_SWIFT_STANDARD_LIBRARIES</key>
				<string>YES</string>
				<key>BUNDLE_LOADER</key>
				<string>$(TEST_HOST)</string>
				<key>INFOPLIST_FILE</key>
				<string>MarvelTests/Info.plist</string>
				<key>LD_RUNPATH_SEARCH_PATHS</key>
				<string>$(inherited) @executable_path/Frameworks @loader_path/Frameworks</string>
				<key>PRODUCT_BUNDLE_IDENTIFIER</key>
				<string>ivan.ruiz.MarvelTests</string>
				<key>PRODUCT_NAME</key>
				<string>$(TARGET_NAME)</string>
				<key>SWIFT_VERSION</key>
				<string>3.0</string>
				<key>TEST_HOST</key>
				<string>$(BUILT_PRODUCTS_DIR)/Marvel.app/Marvel</string>
			</dict>
			<key>isa</key>
			<string>XCBuildConfiguration</string>
			<key>name</key>
			<string>Debug</string>
		</dict>
		<key>3FF2478B1DB00452004DFBFE</key>
		<dict>
			<key>baseConfigurationReference</key>
			<string>BACADC8146DD89593127284A</string>
			<key>buildSettings</key>
			<dict>
				<key>ALWAYS_EMBED_SWIFT_STANDARD_LIBRARIES</key>
				<string>YES</string>
				<key>BUNDLE_LOADER</key>
				<string>$(TEST_HOST)</string>
				<key>INFOPLIST_FILE</key>
				<string>MarvelTests/Info.plist</string>
				<key>LD_RUNPATH_SEARCH_PATHS</key>
				<string>$(inherited) @executable_path/Frameworks @loader_path/Frameworks</string>
				<key>PRODUCT_BUNDLE_IDENTIFIER</key>
				<string>ivan.ruiz.MarvelTests</string>
				<key>PRODUCT_NAME</key>
				<string>$(TARGET_NAME)</string>
				<key>SWIFT_VERSION</key>
				<string>3.0</string>
				<key>TEST_HOST</key>
				<string>$(BUILT_PRODUCTS_DIR)/Marvel.app/Marvel</string>
			</dict>
			<key>isa</key>
			<string>XCBuildConfiguration</string>
			<key>name</key>
			<string>Release</string>
		</dict>
		<key>3FF2478C1DB00452004DFBFE</key>
		<dict>
			<key>buildConfigurations</key>
			<array>
				<string>3FF2478D1DB00452004DFBFE</string>
				<string>3FF2478E1DB00452004DFBFE</string>
			</array>
			<key>defaultConfigurationIsVisible</key>
			<string>0</string>
			<key>defaultConfigurationName</key>
			<string>Release</string>
			<key>isa</key>
			<string>XCConfigurationList</string>
		</dict>
		<key>3FF2478D1DB00452004DFBFE</key>
		<dict>
			<key>baseConfigurationReference</key>
			<string>D21AA3133CE7DBF6D72DEE5C</string>
			<key>buildSettings</key>
			<dict>
				<key>ALWAYS_EMBED_SWIFT_STANDARD_LIBRARIES</key>
				<string>YES</string>
				<key>INFOPLIST_FILE</key>
				<string>MarvelUITests/Info.plist</string>
				<key>LD_RUNPATH_SEARCH_PATHS</key>
				<string>$(inherited) @executable_path/Frameworks @loader_path/Frameworks</string>
				<key>PRODUCT_BUNDLE_IDENTIFIER</key>
				<string>ivan.ruiz.MarvelUITests</string>
				<key>PRODUCT_NAME</key>
				<string>$(TARGET_NAME)</string>
				<key>SWIFT_VERSION</key>
				<string>3.0</string>
				<key>TEST_TARGET_NAME</key>
				<string>Marvel</string>
			</dict>
			<key>isa</key>
			<string>XCBuildConfiguration</string>
			<key>name</key>
			<string>Debug</string>
		</dict>
		<key>3FF2478E1DB00452004DFBFE</key>
		<dict>
			<key>baseConfigurationReference</key>
			<string>92D902BF1AA715EA047F97F7</string>
			<key>buildSettings</key>
			<dict>
				<key>ALWAYS_EMBED_SWIFT_STANDARD_LIBRARIES</key>
				<string>YES</string>
				<key>INFOPLIST_FILE</key>
				<string>MarvelUITests/Info.plist</string>
				<key>LD_RUNPATH_SEARCH_PATHS</key>
				<string>$(inherited) @executable_path/Frameworks @loader_path/Frameworks</string>
				<key>PRODUCT_BUNDLE_IDENTIFIER</key>
				<string>ivan.ruiz.MarvelUITests</string>
				<key>PRODUCT_NAME</key>
				<string>$(TARGET_NAME)</string>
				<key>SWIFT_VERSION</key>
				<string>3.0</string>
				<key>TEST_TARGET_NAME</key>
				<string>Marvel</string>
			</dict>
			<key>isa</key>
			<string>XCBuildConfiguration</string>
			<key>name</key>
			<string>Release</string>
		</dict>
		<key>3FF2478F1DB00500004DFBFE</key>
		<dict>
			<key>children</key>
			<array>
				<string>3FF247901DB0051B004DFBFE</string>
				<string>3FF247921DB00553004DFBFE</string>
				<string>A3790CF01DB221DB00875F53</string>
			</array>
			<key>isa</key>
			<string>PBXGroup</string>
			<key>name</key>
			<string>API</string>
			<key>sourceTree</key>
			<string>&lt;group&gt;</string>
		</dict>
		<key>3FF247901DB0051B004DFBFE</key>
		<dict>
			<key>fileEncoding</key>
			<string>4</string>
			<key>isa</key>
			<string>PBXFileReference</string>
			<key>lastKnownFileType</key>
			<string>sourcecode.swift</string>
			<key>path</key>
			<string>CharactersAPI.swift</string>
			<key>sourceTree</key>
			<string>&lt;group&gt;</string>
		</dict>
		<key>3FF247911DB0051B004DFBFE</key>
		<dict>
			<key>fileRef</key>
			<string>3FF247901DB0051B004DFBFE</string>
			<key>isa</key>
			<string>PBXBuildFile</string>
		</dict>
		<key>3FF247921DB00553004DFBFE</key>
		<dict>
			<key>fileEncoding</key>
			<string>4</string>
			<key>isa</key>
			<string>PBXFileReference</string>
			<key>lastKnownFileType</key>
			<string>sourcecode.swift</string>
			<key>path</key>
			<string>MarvelAPI.swift</string>
			<key>sourceTree</key>
			<string>&lt;group&gt;</string>
		</dict>
		<key>3FF247931DB00553004DFBFE</key>
		<dict>
			<key>fileRef</key>
			<string>3FF247921DB00553004DFBFE</string>
			<key>isa</key>
			<string>PBXBuildFile</string>
		</dict>
		<key>44BAD87E4F4F644FFC4FE45C</key>
		<dict>
			<key>buildActionMask</key>
			<string>2147483647</string>
			<key>files</key>
			<array/>
			<key>inputPaths</key>
			<array/>
			<key>isa</key>
			<string>PBXShellScriptBuildPhase</string>
			<key>name</key>
			<string>Copy Pods Resources</string>
			<key>outputPaths</key>
			<array/>
			<key>runOnlyForDeploymentPostprocessing</key>
			<string>0</string>
			<key>shellPath</key>
			<string>/bin/sh</string>
			<key>shellScript</key>
			<string>"${SRCROOT}/Pods/Target Support Files/Pods-Marvel/Pods-Marvel-resources.sh"
</string>
			<key>showEnvVarsInLog</key>
			<string>0</string>
		</dict>
		<key>4875B758D7015FF3E4A17B95</key>
		<dict>
			<key>buildActionMask</key>
			<string>2147483647</string>
			<key>files</key>
			<array/>
			<key>inputPaths</key>
			<array/>
			<key>isa</key>
			<string>PBXShellScriptBuildPhase</string>
			<key>name</key>
			<string>[CP] Embed Pods Frameworks</string>
			<key>outputPaths</key>
			<array/>
			<key>runOnlyForDeploymentPostprocessing</key>
			<string>0</string>
			<key>shellPath</key>
			<string>/bin/sh</string>
			<key>shellScript</key>
			<string>"${SRCROOT}/Pods/Target Support Files/Pods-MarvelTests/Pods-MarvelTests-frameworks.sh"
</string>
			<key>showEnvVarsInLog</key>
			<string>0</string>
		</dict>
		<key>48B232B6D9D8FEEFCF7528EA</key>
		<dict>
			<key>children</key>
			<array>
				<string>3108495B17B5544256EEDFE6</string>
				<string>C208FFF8D58624962DD2943D</string>
				<string>3ECB6D106CFD7D4B25BEF93F</string>
				<string>BACADC8146DD89593127284A</string>
				<string>D21AA3133CE7DBF6D72DEE5C</string>
				<string>92D902BF1AA715EA047F97F7</string>
				<string>BD3573C19BE9BBD67F5452F9</string>
				<string>F5AE00C30D63322FD2F8660A</string>
			</array>
			<key>isa</key>
			<string>PBXGroup</string>
			<key>name</key>
			<string>Pods</string>
			<key>sourceTree</key>
			<string>&lt;group&gt;</string>
		</dict>
		<key>56822ED884B8875B8368899C</key>
		<dict>
			<key>buildActionMask</key>
			<string>2147483647</string>
			<key>files</key>
			<array/>
			<key>inputPaths</key>
			<array/>
			<key>isa</key>
			<string>PBXShellScriptBuildPhase</string>
			<key>name</key>
			<string>[CP] Check Pods Manifest.lock</string>
			<key>outputPaths</key>
			<array/>
			<key>runOnlyForDeploymentPostprocessing</key>
			<string>0</string>
			<key>shellPath</key>
			<string>/bin/sh</string>
			<key>shellScript</key>
			<string>diff "${PODS_ROOT}/../Podfile.lock" "${PODS_ROOT}/Manifest.lock" &gt; /dev/null
if [[ $? != 0 ]] ; then
    cat &lt;&lt; EOM
error: The sandbox is not in sync with the Podfile.lock. Run 'pod install' or update your CocoaPods installation.
EOM
    exit 1
fi
</string>
			<key>showEnvVarsInLog</key>
			<string>0</string>
		</dict>
		<key>7230001ECB2CAE66B816C770</key>
		<dict>
			<key>explicitFileType</key>
			<string>wrapper.framework</string>
			<key>includeInIndex</key>
			<string>0</string>
			<key>isa</key>
			<string>PBXFileReference</string>
			<key>path</key>
			<string>Pods_Marvel_Acceptance_Tests.framework</string>
			<key>sourceTree</key>
			<string>BUILT_PRODUCTS_DIR</string>
		</dict>
		<key>8B77C308CBB69935009D90CE</key>
		<dict>
			<key>explicitFileType</key>
			<string>wrapper.framework</string>
			<key>includeInIndex</key>
			<string>0</string>
			<key>isa</key>
			<string>PBXFileReference</string>
			<key>path</key>
			<string>Pods_MarvelTests.framework</string>
			<key>sourceTree</key>
			<string>BUILT_PRODUCTS_DIR</string>
		</dict>
		<key>92D902BF1AA715EA047F97F7</key>
		<dict>
			<key>includeInIndex</key>
			<string>1</string>
			<key>isa</key>
			<string>PBXFileReference</string>
			<key>lastKnownFileType</key>
			<string>text.xcconfig</string>
			<key>name</key>
			<string>Pods-MarvelUITests.release.xcconfig</string>
			<key>path</key>
			<string>Pods/Target Support Files/Pods-MarvelUITests/Pods-MarvelUITests.release.xcconfig</string>
			<key>sourceTree</key>
			<string>&lt;group&gt;</string>
		</dict>
		<key>A3790CDA1DB12F7800875F53</key>
		<dict>
			<key>children</key>
			<array>
				<string>3F8B717D1DB0159C0022B718</string>
			</array>
			<key>isa</key>
			<string>PBXGroup</string>
			<key>name</key>
			<string>Marvel</string>
			<key>sourceTree</key>
			<string>&lt;group&gt;</string>
		</dict>
		<key>A3790CDE1DB2081C00875F53</key>
		<dict>
			<key>children</key>
			<array>
				<string>A3790CDF1DB2087600875F53</string>
				<string>A3790CE01DB2087600875F53</string>
				<string>A3790CE31DB20D7F00875F53</string>
				<string>A3790CE41DB20D7F00875F53</string>
				<string>A3790CF21DB22A8F00875F53</string>
			</array>
			<key>isa</key>
			<string>PBXGroup</string>
			<key>name</key>
			<string>CollectionView</string>
			<key>sourceTree</key>
			<string>&lt;group&gt;</string>
		</dict>
		<key>A3790CDF1DB2087600875F53</key>
		<dict>
			<key>fileEncoding</key>
			<string>4</string>
			<key>isa</key>
			<string>PBXFileReference</string>
			<key>lastKnownFileType</key>
			<string>sourcecode.swift</string>
			<key>path</key>
			<string>DetailCharacterHeaderCollectionReusableView.swift</string>
			<key>sourceTree</key>
			<string>&lt;group&gt;</string>
		</dict>
		<key>A3790CE01DB2087600875F53</key>
		<dict>
			<key>fileEncoding</key>
			<string>4</string>
			<key>isa</key>
			<string>PBXFileReference</string>
			<key>lastKnownFileType</key>
			<string>file.xib</string>
			<key>path</key>
			<string>DetailCharacterHeaderCollectionReusableView.xib</string>
			<key>sourceTree</key>
			<string>&lt;group&gt;</string>
		</dict>
		<key>A3790CE11DB2087600875F53</key>
		<dict>
			<key>fileRef</key>
			<string>A3790CDF1DB2087600875F53</string>
			<key>isa</key>
			<string>PBXBuildFile</string>
		</dict>
		<key>A3790CE21DB2087600875F53</key>
		<dict>
			<key>fileRef</key>
			<string>A3790CE01DB2087600875F53</string>
			<key>isa</key>
			<string>PBXBuildFile</string>
		</dict>
		<key>A3790CE31DB20D7F00875F53</key>
		<dict>
			<key>fileEncoding</key>
			<string>4</string>
			<key>isa</key>
			<string>PBXFileReference</string>
			<key>lastKnownFileType</key>
			<string>sourcecode.swift</string>
			<key>path</key>
			<string>ComicCollectionViewCell.swift</string>
			<key>sourceTree</key>
			<string>&lt;group&gt;</string>
		</dict>
		<key>A3790CE41DB20D7F00875F53</key>
		<dict>
			<key>fileEncoding</key>
			<string>4</string>
			<key>isa</key>
			<string>PBXFileReference</string>
			<key>lastKnownFileType</key>
			<string>file.xib</string>
			<key>path</key>
			<string>ComicCollectionViewCell.xib</string>
			<key>sourceTree</key>
			<string>&lt;group&gt;</string>
		</dict>
		<key>A3790CE51DB20D7F00875F53</key>
		<dict>
			<key>fileRef</key>
			<string>A3790CE31DB20D7F00875F53</string>
			<key>isa</key>
			<string>PBXBuildFile</string>
		</dict>
		<key>A3790CE61DB20D7F00875F53</key>
		<dict>
			<key>fileRef</key>
			<string>A3790CE41DB20D7F00875F53</string>
			<key>isa</key>
			<string>PBXBuildFile</string>
		</dict>
		<key>A3790CE81DB2203B00875F53</key>
		<dict>
			<key>fileEncoding</key>
			<string>4</string>
			<key>isa</key>
			<string>PBXFileReference</string>
			<key>lastKnownFileType</key>
			<string>sourcecode.swift</string>
			<key>path</key>
			<string>GetComics.swift</string>
			<key>sourceTree</key>
			<string>&lt;group&gt;</string>
		</dict>
		<key>A3790CE91DB2203B00875F53</key>
		<dict>
			<key>fileRef</key>
			<string>A3790CE81DB2203B00875F53</string>
			<key>isa</key>
			<string>PBXBuildFile</string>
		</dict>
		<key>A3790CEA1DB2206A00875F53</key>
		<dict>
			<key>fileEncoding</key>
			<string>4</string>
			<key>isa</key>
			<string>PBXFileReference</string>
			<key>lastKnownFileType</key>
			<string>sourcecode.swift</string>
			<key>path</key>
			<string>ComicRepository.swift</string>
			<key>sourceTree</key>
			<string>&lt;group&gt;</string>
		</dict>
		<key>A3790CEB1DB2206A00875F53</key>
		<dict>
			<key>fileRef</key>
			<string>A3790CEA1DB2206A00875F53</string>
			<key>isa</key>
			<string>PBXBuildFile</string>
		</dict>
		<key>A3790CEE1DB2211B00875F53</key>
		<dict>
			<key>fileEncoding</key>
			<string>4</string>
			<key>isa</key>
			<string>PBXFileReference</string>
			<key>lastKnownFileType</key>
			<string>sourcecode.swift</string>
			<key>path</key>
			<string>MarvelComic.swift</string>
			<key>sourceTree</key>
			<string>&lt;group&gt;</string>
		</dict>
		<key>A3790CEF1DB2211B00875F53</key>
		<dict>
			<key>fileRef</key>
			<string>A3790CEE1DB2211B00875F53</string>
			<key>isa</key>
			<string>PBXBuildFile</string>
		</dict>
		<key>A3790CF01DB221DB00875F53</key>
		<dict>
			<key>fileEncoding</key>
			<string>4</string>
			<key>isa</key>
			<string>PBXFileReference</string>
			<key>lastKnownFileType</key>
			<string>sourcecode.swift</string>
			<key>path</key>
			<string>MarvelAPIParser.swift</string>
			<key>sourceTree</key>
			<string>&lt;group&gt;</string>
		</dict>
		<key>A3790CF11DB221DB00875F53</key>
		<dict>
			<key>fileRef</key>
			<string>A3790CF01DB221DB00875F53</string>
			<key>isa</key>
			<string>PBXBuildFile</string>
		</dict>
		<key>A3790CF21DB22A8F00875F53</key>
		<dict>
			<key>fileEncoding</key>
			<string>4</string>
			<key>isa</key>
			<string>PBXFileReference</string>
			<key>lastKnownFileType</key>
			<string>sourcecode.swift</string>
			<key>path</key>
			<string>DetailCharacterDataSource.swift</string>
			<key>sourceTree</key>
			<string>&lt;group&gt;</string>
		</dict>
		<key>A3790CF31DB22A8F00875F53</key>
		<dict>
			<key>fileRef</key>
			<string>A3790CF21DB22A8F00875F53</string>
			<key>isa</key>
			<string>PBXBuildFile</string>
		</dict>
		<key>A39D44761DB0CDA0003C0075</key>
		<dict>
			<key>children</key>
			<array>
				<string>A39D44771DB0CDB1003C0075</string>
			</array>
			<key>isa</key>
			<string>PBXGroup</string>
			<key>name</key>
			<string>Screens</string>
			<key>sourceTree</key>
			<string>&lt;group&gt;</string>
		</dict>
		<key>A39D44771DB0CDB1003C0075</key>
		<dict>
			<key>children</key>
			<array>
				<string>A39D44801DB0D36B003C0075</string>
				<string>A39D44781DB0CDCC003C0075</string>
			</array>
			<key>isa</key>
			<string>PBXGroup</string>
			<key>name</key>
			<string>ListCharacters</string>
			<key>sourceTree</key>
			<string>&lt;group&gt;</string>
		</dict>
		<key>A39D44781DB0CDCC003C0075</key>
		<dict>
			<key>fileEncoding</key>
			<string>4</string>
			<key>isa</key>
			<string>PBXFileReference</string>
			<key>lastKnownFileType</key>
			<string>sourcecode.swift</string>
			<key>path</key>
			<string>ListCharactersViewControllerTests.swift</string>
			<key>sourceTree</key>
			<string>&lt;group&gt;</string>
		</dict>
		<key>A39D44791DB0CDCC003C0075</key>
		<dict>
			<key>fileRef</key>
			<string>A39D44781DB0CDCC003C0075</string>
			<key>isa</key>
			<string>PBXBuildFile</string>
		</dict>
		<key>A39D447A1DB0CE8E003C0075</key>
		<dict>
			<key>children</key>
			<array>
				<string>A39D447B1DB0CEA0003C0075</string>
			</array>
			<key>isa</key>
			<string>PBXGroup</string>
			<key>name</key>
			<string>Extensions</string>
			<key>sourceTree</key>
			<string>&lt;group&gt;</string>
		</dict>
		<key>A39D447B1DB0CEA0003C0075</key>
		<dict>
			<key>fileEncoding</key>
			<string>4</string>
			<key>isa</key>
			<string>PBXFileReference</string>
			<key>lastKnownFileType</key>
			<string>sourcecode.swift</string>
			<key>path</key>
			<string>UIViewController.swift</string>
			<key>sourceTree</key>
			<string>&lt;group&gt;</string>
		</dict>
		<key>A39D447C1DB0CEA0003C0075</key>
		<dict>
			<key>fileRef</key>
			<string>A39D447B1DB0CEA0003C0075</string>
			<key>isa</key>
			<string>PBXBuildFile</string>
		</dict>
		<key>A39D447D1DB0D03A003C0075</key>
		<dict>
			<key>children</key>
			<array>
				<string>3F8B71831DB019360022B718</string>
				<string>3F8B71841DB019360022B718</string>
				<string>A39D447E1DB0D0D4003C0075</string>
			</array>
			<key>isa</key>
			<string>PBXGroup</string>
			<key>name</key>
			<string>TableView</string>
			<key>sourceTree</key>
			<string>&lt;group&gt;</string>
		</dict>
		<key>A39D447E1DB0D0D4003C0075</key>
		<dict>
			<key>fileEncoding</key>
			<string>4</string>
			<key>isa</key>
			<string>PBXFileReference</string>
			<key>lastKnownFileType</key>
			<string>sourcecode.swift</string>
			<key>path</key>
			<string>ListCharactersDataSource.swift</string>
			<key>sourceTree</key>
			<string>&lt;group&gt;</string>
		</dict>
		<key>A39D447F1DB0D0D4003C0075</key>
		<dict>
			<key>fileRef</key>
			<string>A39D447E1DB0D0D4003C0075</string>
			<key>isa</key>
			<string>PBXBuildFile</string>
		</dict>
		<key>A39D44801DB0D36B003C0075</key>
		<dict>
			<key>children</key>
			<array>
				<string>A39D44811DB0D381003C0075</string>
			</array>
			<key>isa</key>
			<string>PBXGroup</string>
			<key>name</key>
			<string>Mocks</string>
			<key>sourceTree</key>
			<string>&lt;group&gt;</string>
		</dict>
		<key>A39D44811DB0D381003C0075</key>
		<dict>
			<key>fileEncoding</key>
			<string>4</string>
			<key>isa</key>
			<string>PBXFileReference</string>
			<key>lastKnownFileType</key>
			<string>sourcecode.swift</string>
			<key>path</key>
			<string>MockListCharactersDataSource.swift</string>
			<key>sourceTree</key>
			<string>&lt;group&gt;</string>
		</dict>
		<key>A39D44821DB0D381003C0075</key>
		<dict>
			<key>fileRef</key>
			<string>A39D44811DB0D381003C0075</string>
			<key>isa</key>
			<string>PBXBuildFile</string>
		</dict>
		<key>A39D44831DB0D3FD003C0075</key>
		<dict>
			<key>children</key>
			<array>
				<string>A39D44841DB0D407003C0075</string>
			</array>
			<key>isa</key>
			<string>PBXGroup</string>
			<key>name</key>
			<string>Builders</string>
			<key>sourceTree</key>
			<string>&lt;group&gt;</string>
		</dict>
		<key>A39D44841DB0D407003C0075</key>
		<dict>
			<key>fileEncoding</key>
			<string>4</string>
			<key>isa</key>
			<string>PBXFileReference</string>
			<key>lastKnownFileType</key>
			<string>sourcecode.swift</string>
			<key>path</key>
			<string>CharacterBuilder.swift</string>
			<key>sourceTree</key>
			<string>&lt;group&gt;</string>
		</dict>
		<key>A39D44851DB0D407003C0075</key>
		<dict>
			<key>fileRef</key>
			<string>A39D44841DB0D407003C0075</string>
			<key>isa</key>
			<string>PBXBuildFile</string>
		</dict>
		<key>A39D44861DB0DE05003C0075</key>
		<dict>
			<key>buildActionMask</key>
			<string>2147483647</string>
			<key>files</key>
			<array>
				<string>A39D449B1DB0E075003C0075</string>
				<string>A39D44961DB0DFDC003C0075</string>
				<string>A39D44981DB0E00C003C0075</string>
			</array>
			<key>isa</key>
			<string>PBXSourcesBuildPhase</string>
			<key>runOnlyForDeploymentPostprocessing</key>
			<string>0</string>
		</dict>
		<key>A39D44871DB0DE05003C0075</key>
		<dict>
			<key>buildActionMask</key>
			<string>2147483647</string>
			<key>files</key>
			<array>
				<string>A39D449F1DB0EEB8003C0075</string>
				<string>A39D449D1DB0EEAF003C0075</string>
				<string>2F7B7C523FD2EF8DB9F5C0B4</string>
			</array>
			<key>isa</key>
			<string>PBXFrameworksBuildPhase</string>
			<key>runOnlyForDeploymentPostprocessing</key>
			<string>0</string>
		</dict>
		<key>A39D44881DB0DE05003C0075</key>
		<dict>
			<key>buildActionMask</key>
			<string>2147483647</string>
			<key>files</key>
			<array/>
			<key>isa</key>
			<string>PBXResourcesBuildPhase</string>
			<key>runOnlyForDeploymentPostprocessing</key>
			<string>0</string>
		</dict>
		<key>A39D44891DB0DE05003C0075</key>
		<dict>
			<key>buildConfigurationList</key>
			<string>A39D44911DB0DE05003C0075</string>
			<key>buildPhases</key>
			<array>
				<string>D2BA4A9B92ED9767FA745E61</string>
				<string>C911FB373C24208B52EA50DC</string>
				<string>A39D44861DB0DE05003C0075</string>
				<string>A39D44871DB0DE05003C0075</string>
				<string>A39D44881DB0DE05003C0075</string>
				<string>EF1EEFF3D44AC5FC62E3D05D</string>
				<string>2ACF8773C457141F5AA490CC</string>
				<string>A949AEC80C414DF0C9E075E3</string>
				<string>BDDE610D7781D5BE275A78EF</string>
			</array>
			<key>buildRules</key>
			<array/>
			<key>dependencies</key>
			<array>
				<string>A39D44901DB0DE05003C0075</string>
			</array>
			<key>isa</key>
			<string>PBXNativeTarget</string>
			<key>name</key>
			<string>Acceptance Tests</string>
			<key>productName</key>
			<string>Acceptance Tests</string>
			<key>productReference</key>
			<string>A39D448A1DB0DE05003C0075</string>
			<key>productType</key>
			<string>com.apple.product-type.bundle.unit-test</string>
		</dict>
		<key>A39D448A1DB0DE05003C0075</key>
		<dict>
			<key>explicitFileType</key>
			<string>wrapper.cfbundle</string>
			<key>includeInIndex</key>
			<string>0</string>
			<key>isa</key>
			<string>PBXFileReference</string>
			<key>path</key>
			<string>Acceptance Tests.xctest</string>
			<key>sourceTree</key>
			<string>BUILT_PRODUCTS_DIR</string>
		</dict>
		<key>A39D448B1DB0DE05003C0075</key>
		<dict>
			<key>children</key>
			<array>
				<string>A39D44991DB0E062003C0075</string>
				<string>A39D44951DB0DFDC003C0075</string>
			</array>
			<key>isa</key>
			<string>PBXGroup</string>
			<key>path</key>
			<string>Acceptance Tests</string>
			<key>sourceTree</key>
			<string>&lt;group&gt;</string>
		</dict>
		<key>A39D448E1DB0DE05003C0075</key>
		<dict>
			<key>isa</key>
			<string>PBXFileReference</string>
			<key>lastKnownFileType</key>
			<string>text.plist.xml</string>
			<key>path</key>
			<string>Info.plist</string>
			<key>sourceTree</key>
			<string>&lt;group&gt;</string>
		</dict>
		<key>A39D448F1DB0DE05003C0075</key>
		<dict>
			<key>containerPortal</key>
			<string>3FF247561DB00452004DFBFE</string>
			<key>isa</key>
			<string>PBXContainerItemProxy</string>
			<key>proxyType</key>
			<string>1</string>
			<key>remoteGlobalIDString</key>
			<string>3FF2475D1DB00452004DFBFE</string>
			<key>remoteInfo</key>
			<string>Marvel</string>
		</dict>
		<key>A39D44901DB0DE05003C0075</key>
		<dict>
			<key>isa</key>
			<string>PBXTargetDependency</string>
			<key>target</key>
			<string>3FF2475D1DB00452004DFBFE</string>
			<key>targetProxy</key>
			<string>A39D448F1DB0DE05003C0075</string>
		</dict>
		<key>A39D44911DB0DE05003C0075</key>
		<dict>
			<key>buildConfigurations</key>
			<array>
				<string>A39D44921DB0DE05003C0075</string>
				<string>A39D44931DB0DE05003C0075</string>
			</array>
			<key>defaultConfigurationIsVisible</key>
			<string>0</string>
			<key>defaultConfigurationName</key>
			<string>Release</string>
			<key>isa</key>
			<string>XCConfigurationList</string>
		</dict>
		<key>A39D44921DB0DE05003C0075</key>
		<dict>
			<key>baseConfigurationReference</key>
			<string>BD3573C19BE9BBD67F5452F9</string>
			<key>buildSettings</key>
			<dict>
				<key>ALWAYS_EMBED_SWIFT_STANDARD_LIBRARIES</key>
				<string>YES</string>
				<key>BUNDLE_LOADER</key>
				<string>$(BUILT_PRODUCTS_DIR)/Marvel.app/Marvel</string>
				<key>INFOPLIST_FILE</key>
				<string>Acceptance Tests/Info.plist</string>
				<key>IPHONEOS_DEPLOYMENT_TARGET</key>
				<string>10.1</string>
				<key>LD_RUNPATH_SEARCH_PATHS</key>
				<string>$(inherited) @executable_path/Frameworks @loader_path/Frameworks</string>
				<key>OTHER_LDFLAGS</key>
				<array>
					<string>$(inherited)</string>
					<string>-ObjC</string>
					<string>-framework</string>
					<string>"Alamofire"</string>
					<string>-framework</string>
					<string>"AsyncImageView"</string>
					<string>-framework</string>
					<string>"CryptoSwift"</string>
					<string>-framework</string>
					<string>"KIF"</string>
					<string>-framework</string>
					<string>"Nimble"</string>
					<string>-framework</string>
					<string>"Quick"</string>
					<string>-framework</string>
					<string>"RxAlamofire"</string>
					<string>-framework</string>
					<string>"RxCocoa"</string>
					<string>-framework</string>
					<string>"RxSwift"</string>
				</array>
				<key>PRODUCT_BUNDLE_IDENTIFIER</key>
				<string>ivan.Acceptance-Tests</string>
				<key>PRODUCT_NAME</key>
				<string>$(TARGET_NAME)</string>
				<key>SWIFT_VERSION</key>
				<string>3.0</string>
				<key>TEST_HOST</key>
				<string>$(BUNDLE_LOADER)</string>
			</dict>
			<key>isa</key>
			<string>XCBuildConfiguration</string>
			<key>name</key>
			<string>Debug</string>
		</dict>
		<key>A39D44931DB0DE05003C0075</key>
		<dict>
			<key>baseConfigurationReference</key>
			<string>F5AE00C30D63322FD2F8660A</string>
			<key>buildSettings</key>
			<dict>
				<key>ALWAYS_EMBED_SWIFT_STANDARD_LIBRARIES</key>
				<string>YES</string>
				<key>BUNDLE_LOADER</key>
				<string>$(BUILT_PRODUCTS_DIR)/Marvel.app/Marvel</string>
				<key>INFOPLIST_FILE</key>
				<string>Acceptance Tests/Info.plist</string>
				<key>IPHONEOS_DEPLOYMENT_TARGET</key>
				<string>10.1</string>
				<key>LD_RUNPATH_SEARCH_PATHS</key>
				<string>$(inherited) @executable_path/Frameworks @loader_path/Frameworks</string>
				<key>OTHER_LDFLAGS</key>
				<array>
					<string>$(inherited)</string>
					<string>-ObjC</string>
					<string>-framework</string>
					<string>"Alamofire"</string>
					<string>-framework</string>
					<string>"AsyncImageView"</string>
					<string>-framework</string>
					<string>"CryptoSwift"</string>
					<string>-framework</string>
					<string>"KIF"</string>
					<string>-framework</string>
					<string>"Nimble"</string>
					<string>-framework</string>
					<string>"Quick"</string>
					<string>-framework</string>
					<string>"RxAlamofire"</string>
					<string>-framework</string>
					<string>"RxCocoa"</string>
					<string>-framework</string>
					<string>"RxSwift"</string>
				</array>
				<key>PRODUCT_BUNDLE_IDENTIFIER</key>
				<string>ivan.Acceptance-Tests</string>
				<key>PRODUCT_NAME</key>
				<string>$(TARGET_NAME)</string>
				<key>SWIFT_VERSION</key>
				<string>3.0</string>
				<key>TEST_HOST</key>
				<string>$(BUNDLE_LOADER)</string>
			</dict>
			<key>isa</key>
			<string>XCBuildConfiguration</string>
			<key>name</key>
			<string>Release</string>
		</dict>
		<key>A39D44951DB0DFDC003C0075</key>
		<dict>
			<key>fileEncoding</key>
			<string>4</string>
			<key>isa</key>
			<string>PBXFileReference</string>
			<key>lastKnownFileType</key>
			<string>sourcecode.swift</string>
			<key>path</key>
			<string>ListCharactersUITests.swift</string>
			<key>sourceTree</key>
			<string>&lt;group&gt;</string>
		</dict>
		<key>A39D44961DB0DFDC003C0075</key>
		<dict>
			<key>fileRef</key>
			<string>A39D44951DB0DFDC003C0075</string>
			<key>isa</key>
			<string>PBXBuildFile</string>
		</dict>
		<key>A39D44971DB0E00C003C0075</key>
		<dict>
			<key>fileEncoding</key>
			<string>4</string>
			<key>isa</key>
			<string>PBXFileReference</string>
			<key>lastKnownFileType</key>
			<string>sourcecode.swift</string>
			<key>path</key>
			<string>BaseUITestCase.swift</string>
			<key>sourceTree</key>
			<string>&lt;group&gt;</string>
		</dict>
		<key>A39D44981DB0E00C003C0075</key>
		<dict>
			<key>fileRef</key>
			<string>A39D44971DB0E00C003C0075</string>
			<key>isa</key>
			<string>PBXBuildFile</string>
		</dict>
		<key>A39D44991DB0E062003C0075</key>
		<dict>
			<key>children</key>
			<array>
				<string>A39D448E1DB0DE05003C0075</string>
				<string>A39D44971DB0E00C003C0075</string>
				<string>A39D449A1DB0E075003C0075</string>
			</array>
			<key>isa</key>
			<string>PBXGroup</string>
			<key>name</key>
			<string>Config</string>
			<key>sourceTree</key>
			<string>&lt;group&gt;</string>
		</dict>
		<key>A39D449A1DB0E075003C0075</key>
		<dict>
			<key>fileEncoding</key>
			<string>4</string>
			<key>isa</key>
			<string>PBXFileReference</string>
			<key>lastKnownFileType</key>
			<string>sourcecode.swift</string>
			<key>path</key>
			<string>KIFExtension.swift</string>
			<key>sourceTree</key>
			<string>&lt;group&gt;</string>
		</dict>
		<key>A39D449B1DB0E075003C0075</key>
		<dict>
			<key>fileRef</key>
			<string>A39D449A1DB0E075003C0075</string>
			<key>isa</key>
			<string>PBXBuildFile</string>
		</dict>
		<key>A39D449C1DB0EEAF003C0075</key>
		<dict>
			<key>isa</key>
			<string>PBXFileReference</string>
			<key>lastKnownFileType</key>
			<string>wrapper.framework</string>
			<key>name</key>
			<string>CoreGraphics.framework</string>
			<key>path</key>
			<string>System/Library/Frameworks/CoreGraphics.framework</string>
			<key>sourceTree</key>
			<string>SDKROOT</string>
		</dict>
		<key>A39D449D1DB0EEAF003C0075</key>
		<dict>
			<key>fileRef</key>
			<string>A39D449C1DB0EEAF003C0075</string>
			<key>isa</key>
			<string>PBXBuildFile</string>
		</dict>
		<key>A39D449E1DB0EEB8003C0075</key>
		<dict>
			<key>isa</key>
			<string>PBXFileReference</string>
			<key>lastKnownFileType</key>
			<string>wrapper.framework</string>
			<key>name</key>
			<string>QuartzCore.framework</string>
			<key>path</key>
			<string>System/Library/Frameworks/QuartzCore.framework</string>
			<key>sourceTree</key>
			<string>SDKROOT</string>
		</dict>
		<key>A39D449F1DB0EEB8003C0075</key>
		<dict>
			<key>fileRef</key>
			<string>A39D449E1DB0EEB8003C0075</string>
			<key>isa</key>
			<string>PBXBuildFile</string>
		</dict>
		<key>A949AEC80C414DF0C9E075E3</key>
		<dict>
			<key>buildActionMask</key>
			<string>2147483647</string>
			<key>files</key>
			<array/>
			<key>inputPaths</key>
			<array/>
			<key>isa</key>
			<string>PBXShellScriptBuildPhase</string>
			<key>name</key>
			<string>Embed Pods Frameworks</string>
			<key>outputPaths</key>
			<array/>
			<key>runOnlyForDeploymentPostprocessing</key>
			<string>0</string>
			<key>shellPath</key>
			<string>/bin/sh</string>
			<key>shellScript</key>
			<string>"${SRCROOT}/Pods/Target Support Files/Pods-Marvel-Acceptance Tests/Pods-Marvel-Acceptance Tests-frameworks.sh"
</string>
			<key>showEnvVarsInLog</key>
			<string>0</string>
		</dict>
		<key>AA4693C68D508E3519506EA1</key>
		<dict>
			<key>explicitFileType</key>
			<string>wrapper.framework</string>
			<key>includeInIndex</key>
			<string>0</string>
			<key>isa</key>
			<string>PBXFileReference</string>
			<key>path</key>
			<string>Pods_MarvelUITests.framework</string>
			<key>sourceTree</key>
			<string>BUILT_PRODUCTS_DIR</string>
		</dict>
		<key>AB6648005F9BB034006752CF</key>
		<dict>
			<key>buildActionMask</key>
			<string>2147483647</string>
			<key>files</key>
			<array/>
			<key>inputPaths</key>
			<array/>
			<key>isa</key>
			<string>PBXShellScriptBuildPhase</string>
			<key>name</key>
			<string>[CP] Check Pods Manifest.lock</string>
			<key>outputPaths</key>
			<array/>
			<key>runOnlyForDeploymentPostprocessing</key>
			<string>0</string>
			<key>shellPath</key>
			<string>/bin/sh</string>
			<key>shellScript</key>
			<string>diff "${PODS_ROOT}/../Podfile.lock" "${PODS_ROOT}/Manifest.lock" &gt; /dev/null
if [[ $? != 0 ]] ; then
    cat &lt;&lt; EOM
error: The sandbox is not in sync with the Podfile.lock. Run 'pod install' or update your CocoaPods installation.
EOM
    exit 1
fi
</string>
			<key>showEnvVarsInLog</key>
			<string>0</string>
		</dict>
		<key>B139759010CC0900AFAB9DE8</key>
		<dict>
			<key>explicitFileType</key>
			<string>wrapper.framework</string>
			<key>includeInIndex</key>
			<string>0</string>
			<key>isa</key>
			<string>PBXFileReference</string>
			<key>path</key>
			<string>Pods_Marvel.framework</string>
			<key>sourceTree</key>
			<string>BUILT_PRODUCTS_DIR</string>
		</dict>
		<key>BACADC8146DD89593127284A</key>
		<dict>
			<key>includeInIndex</key>
			<string>1</string>
			<key>isa</key>
			<string>PBXFileReference</string>
			<key>lastKnownFileType</key>
			<string>text.xcconfig</string>
			<key>name</key>
			<string>Pods-MarvelTests.release.xcconfig</string>
			<key>path</key>
			<string>Pods/Target Support Files/Pods-MarvelTests/Pods-MarvelTests.release.xcconfig</string>
			<key>sourceTree</key>
			<string>&lt;group&gt;</string>
		</dict>
		<key>BD3573C19BE9BBD67F5452F9</key>
		<dict>
			<key>includeInIndex</key>
			<string>1</string>
			<key>isa</key>
			<string>PBXFileReference</string>
			<key>lastKnownFileType</key>
			<string>text.xcconfig</string>
			<key>name</key>
			<string>Pods-Marvel-Acceptance Tests.debug.xcconfig</string>
			<key>path</key>
			<string>Pods/Target Support Files/Pods-Marvel-Acceptance Tests/Pods-Marvel-Acceptance Tests.debug.xcconfig</string>
			<key>sourceTree</key>
			<string>&lt;group&gt;</string>
		</dict>
		<key>BDDE610D7781D5BE275A78EF</key>
		<dict>
			<key>buildActionMask</key>
			<string>2147483647</string>
			<key>files</key>
			<array/>
			<key>inputPaths</key>
			<array/>
			<key>isa</key>
			<string>PBXShellScriptBuildPhase</string>
			<key>name</key>
			<string>Copy Pods Resources</string>
			<key>outputPaths</key>
			<array/>
			<key>runOnlyForDeploymentPostprocessing</key>
			<string>0</string>
			<key>shellPath</key>
			<string>/bin/sh</string>
			<key>shellScript</key>
			<string>"${SRCROOT}/Pods/Target Support Files/Pods-Marvel-Acceptance Tests/Pods-Marvel-Acceptance Tests-resources.sh"
</string>
			<key>showEnvVarsInLog</key>
			<string>0</string>
		</dict>
		<key>C208FFF8D58624962DD2943D</key>
		<dict>
			<key>includeInIndex</key>
			<string>1</string>
			<key>isa</key>
			<string>PBXFileReference</string>
			<key>lastKnownFileType</key>
			<string>text.xcconfig</string>
			<key>name</key>
			<string>Pods-Marvel.release.xcconfig</string>
			<key>path</key>
			<string>Pods/Target Support Files/Pods-Marvel/Pods-Marvel.release.xcconfig</string>
			<key>sourceTree</key>
			<string>&lt;group&gt;</string>
		</dict>
		<key>C48AF3992ED3F99C947D7D76</key>
		<dict>
			<key>buildActionMask</key>
			<string>2147483647</string>
			<key>files</key>
			<array/>
			<key>inputPaths</key>
			<array/>
			<key>isa</key>
			<string>PBXShellScriptBuildPhase</string>
			<key>name</key>
			<string>[CP] Copy Pods Resources</string>
			<key>outputPaths</key>
			<array/>
			<key>runOnlyForDeploymentPostprocessing</key>
			<string>0</string>
			<key>shellPath</key>
			<string>/bin/sh</string>
			<key>shellScript</key>
			<string>"${SRCROOT}/Pods/Target Support Files/Pods-MarvelTests/Pods-MarvelTests-resources.sh"
</string>
			<key>showEnvVarsInLog</key>
			<string>0</string>
		</dict>
		<key>C911FB373C24208B52EA50DC</key>
		<dict>
			<key>buildActionMask</key>
			<string>2147483647</string>
			<key>files</key>
			<array/>
			<key>inputPaths</key>
			<array/>
			<key>isa</key>
			<string>PBXShellScriptBuildPhase</string>
			<key>name</key>
			<string>[CP] Check Pods Manifest.lock</string>
			<key>outputPaths</key>
			<array/>
			<key>runOnlyForDeploymentPostprocessing</key>
			<string>0</string>
			<key>shellPath</key>
			<string>/bin/sh</string>
			<key>shellScript</key>
			<string>diff "${PODS_ROOT}/../Podfile.lock" "${PODS_ROOT}/Manifest.lock" &gt; /dev/null
if [[ $? != 0 ]] ; then
    cat &lt;&lt; EOM
error: The sandbox is not in sync with the Podfile.lock. Run 'pod install' or update your CocoaPods installation.
EOM
    exit 1
fi
</string>
			<key>showEnvVarsInLog</key>
			<string>0</string>
		</dict>
		<key>CE840072D96EA75CC7F0D90C</key>
		<dict>
			<key>buildActionMask</key>
			<string>2147483647</string>
			<key>files</key>
			<array/>
			<key>inputPaths</key>
			<array/>
			<key>isa</key>
			<string>PBXShellScriptBuildPhase</string>
			<key>name</key>
			<string>Check Pods Manifest.lock</string>
			<key>outputPaths</key>
			<array/>
			<key>runOnlyForDeploymentPostprocessing</key>
			<string>0</string>
			<key>shellPath</key>
			<string>/bin/sh</string>
			<key>shellScript</key>
			<string>diff "${PODS_ROOT}/../Podfile.lock" "${PODS_ROOT}/Manifest.lock" &gt; /dev/null
if [[ $? != 0 ]] ; then
    cat &lt;&lt; EOM
error: The sandbox is not in sync with the Podfile.lock. Run 'pod install' or update your CocoaPods installation.
EOM
    exit 1
fi
</string>
			<key>showEnvVarsInLog</key>
			<string>0</string>
		</dict>
		<key>D21AA3133CE7DBF6D72DEE5C</key>
		<dict>
			<key>includeInIndex</key>
			<string>1</string>
			<key>isa</key>
			<string>PBXFileReference</string>
			<key>lastKnownFileType</key>
			<string>text.xcconfig</string>
			<key>name</key>
			<string>Pods-MarvelUITests.debug.xcconfig</string>
			<key>path</key>
			<string>Pods/Target Support Files/Pods-MarvelUITests/Pods-MarvelUITests.debug.xcconfig</string>
			<key>sourceTree</key>
			<string>&lt;group&gt;</string>
		</dict>
		<key>D2BA4A9B92ED9767FA745E61</key>
		<dict>
			<key>buildActionMask</key>
			<string>2147483647</string>
			<key>files</key>
			<array/>
			<key>inputPaths</key>
			<array/>
			<key>isa</key>
			<string>PBXShellScriptBuildPhase</string>
			<key>name</key>
			<string>Check Pods Manifest.lock</string>
			<key>outputPaths</key>
			<array/>
			<key>runOnlyForDeploymentPostprocessing</key>
			<string>0</string>
			<key>shellPath</key>
			<string>/bin/sh</string>
			<key>shellScript</key>
			<string>diff "${PODS_ROOT}/../Podfile.lock" "${PODS_ROOT}/Manifest.lock" &gt; /dev/null
if [[ $? != 0 ]] ; then
    cat &lt;&lt; EOM
error: The sandbox is not in sync with the Podfile.lock. Run 'pod install' or update your CocoaPods installation.
EOM
    exit 1
fi
</string>
			<key>showEnvVarsInLog</key>
			<string>0</string>
		</dict>
		<key>D6E6804499743A3F8E7FEC8A</key>
		<dict>
			<key>buildActionMask</key>
			<string>2147483647</string>
			<key>files</key>
			<array/>
			<key>inputPaths</key>
			<array/>
			<key>isa</key>
			<string>PBXShellScriptBuildPhase</string>
			<key>name</key>
			<string>Embed Pods Frameworks</string>
			<key>outputPaths</key>
			<array/>
			<key>runOnlyForDeploymentPostprocessing</key>
			<string>0</string>
			<key>shellPath</key>
			<string>/bin/sh</string>
			<key>shellScript</key>
			<string>"${SRCROOT}/Pods/Target Support Files/Pods-Marvel/Pods-Marvel-frameworks.sh"
</string>
			<key>showEnvVarsInLog</key>
			<string>0</string>
		</dict>
		<key>D820CB48927A17F8B95225BF</key>
		<dict>
			<key>buildActionMask</key>
			<string>2147483647</string>
			<key>files</key>
			<array/>
			<key>inputPaths</key>
			<array/>
			<key>isa</key>
			<string>PBXShellScriptBuildPhase</string>
			<key>name</key>
			<string>Check Pods Manifest.lock</string>
			<key>outputPaths</key>
			<array/>
			<key>runOnlyForDeploymentPostprocessing</key>
			<string>0</string>
			<key>shellPath</key>
			<string>/bin/sh</string>
			<key>shellScript</key>
			<string>diff "${PODS_ROOT}/../Podfile.lock" "${PODS_ROOT}/Manifest.lock" &gt; /dev/null
if [[ $? != 0 ]] ; then
    cat &lt;&lt; EOM
error: The sandbox is not in sync with the Podfile.lock. Run 'pod install' or update your CocoaPods installation.
EOM
    exit 1
fi
</string>
			<key>showEnvVarsInLog</key>
			<string>0</string>
		</dict>
		<key>EACAD4DCDBD2E1634A779632</key>
		<dict>
			<key>buildActionMask</key>
			<string>2147483647</string>
			<key>files</key>
			<array/>
			<key>inputPaths</key>
			<array/>
			<key>isa</key>
			<string>PBXShellScriptBuildPhase</string>
			<key>name</key>
			<string>Copy Pods Resources</string>
			<key>outputPaths</key>
			<array/>
			<key>runOnlyForDeploymentPostprocessing</key>
			<string>0</string>
			<key>shellPath</key>
			<string>/bin/sh</string>
			<key>shellScript</key>
			<string>"${SRCROOT}/Pods/Target Support Files/Pods-MarvelUITests/Pods-MarvelUITests-resources.sh"
</string>
			<key>showEnvVarsInLog</key>
			<string>0</string>
		</dict>
		<key>EE69D146D029E5DD44932DDC</key>
		<dict>
			<key>buildActionMask</key>
			<string>2147483647</string>
			<key>files</key>
			<array/>
			<key>inputPaths</key>
			<array/>
			<key>isa</key>
			<string>PBXShellScriptBuildPhase</string>
			<key>name</key>
			<string>Check Pods Manifest.lock</string>
			<key>outputPaths</key>
			<array/>
			<key>runOnlyForDeploymentPostprocessing</key>
			<string>0</string>
			<key>shellPath</key>
			<string>/bin/sh</string>
			<key>shellScript</key>
			<string>diff "${PODS_ROOT}/../Podfile.lock" "${PODS_ROOT}/Manifest.lock" &gt; /dev/null
if [[ $? != 0 ]] ; then
    cat &lt;&lt; EOM
error: The sandbox is not in sync with the Podfile.lock. Run 'pod install' or update your CocoaPods installation.
EOM
    exit 1
fi
</string>
			<key>showEnvVarsInLog</key>
			<string>0</string>
		</dict>
		<key>EF1EEFF3D44AC5FC62E3D05D</key>
		<dict>
			<key>buildActionMask</key>
			<string>2147483647</string>
			<key>files</key>
			<array/>
			<key>inputPaths</key>
			<array/>
			<key>isa</key>
			<string>PBXShellScriptBuildPhase</string>
			<key>name</key>
			<string>[CP] Embed Pods Frameworks</string>
			<key>outputPaths</key>
			<array/>
			<key>runOnlyForDeploymentPostprocessing</key>
			<string>0</string>
			<key>shellPath</key>
			<string>/bin/sh</string>
			<key>shellScript</key>
			<string>"${SRCROOT}/Pods/Target Support Files/Pods-Marvel-Acceptance Tests/Pods-Marvel-Acceptance Tests-frameworks.sh"
</string>
			<key>showEnvVarsInLog</key>
			<string>0</string>
		</dict>
		<key>F5AE00C30D63322FD2F8660A</key>
		<dict>
			<key>includeInIndex</key>
			<string>1</string>
			<key>isa</key>
			<string>PBXFileReference</string>
			<key>lastKnownFileType</key>
			<string>text.xcconfig</string>
			<key>name</key>
			<string>Pods-Marvel-Acceptance Tests.release.xcconfig</string>
			<key>path</key>
			<string>Pods/Target Support Files/Pods-Marvel-Acceptance Tests/Pods-Marvel-Acceptance Tests.release.xcconfig</string>
			<key>sourceTree</key>
			<string>&lt;group&gt;</string>
		</dict>
		<key>FEB20E2214C228F5BC8E1AF2</key>
		<dict>
			<key>fileRef</key>
			<string>B139759010CC0900AFAB9DE8</string>
			<key>isa</key>
			<string>PBXBuildFile</string>
		</dict>
	</dict>
	<key>rootObject</key>
	<string>3FF247561DB00452004DFBFE</string>
</dict>
</plist>
